GIT
  remote: https://github.com/DataDog/simplecov
  revision: 3bb6b7ee58bf4b1954ca205f50dd44d6f41c57db
  ref: 3bb6b7ee58bf4b1954ca205f50dd44d6f41c57db
  specs:
    simplecov (0.21.2)
      docile (~> 1.1)
      simplecov-html (~> 0.11)
      simplecov_json_formatter (~> 0.1)

PATH
  remote: ..
  specs:
    datadog (2.1.0)
      debase-ruby_core_source (= 3.3.1)
      libdatadog (~> 10.0.0.1.0)
      libddwaf (~> 1.14.0.0.0)
      msgpack

GEM
  remote: https://rubygems.org/
  specs:
    addressable (2.4.0)
    amq-protocol (2.3.2)
    appraisal (2.4.1)
      bundler
      rake
      thor (>= 0.14.0)
    benchmark-ips (2.10.0)
    benchmark-memory (0.1.2)
      memory_profiler (~> 0.9)
    bson (4.15.0-java)
    builder (3.2.4)
    bunny (2.19.0)
      amq-protocol (~> 2.3, >= 2.3.1)
      sorted_set (~> 1, >= 1.0.2)
    climate_control (0.2.0)
    coderay (1.1.3)
    concurrent-ruby (1.2.2)
    connection_pool (2.3.0)
    crack (0.4.5)
      rexml
    dalli (3.2.0)
    debase-ruby_core_source (3.3.1)
    diff-lcs (1.5.0)
    docile (1.4.0)
    dogstatsd-ruby (5.6.0)
    ffi (1.16.3-java)
    hashdiff (1.0.1)
    i18n (1.8.7)
      concurrent-ruby (~> 1.0)
    json-schema (2.8.1)
      addressable (>= 2.4)
    libdatadog (10.0.0.1.0)
    libddwaf (1.14.0.0.0-java)
      ffi (~> 1.0)
    memory_profiler (0.9.14)
    method_source (1.0.0)
    mongo (2.14.1)
      bson (>= 4.8.2, < 5.0.0)
    mono_logger (1.1.1)
    msgpack (1.7.2-java)
    multi_json (1.15.0)
    mustermann (2.0.2)
      ruby2_keywords (~> 0.0.1)
    os (1.1.4)
    pimpmychangelog (0.1.3)
    pry (0.14.2-java)
      coderay (~> 1.1)
      method_source (~> 1.0)
      spoon (~> 0.0)
    pry-debugger-jruby (2.1.1-java)
      pry (>= 0.13, < 0.15)
      ruby-debug-base (>= 0.10.4, < 0.12)
    que (1.4.1)
    rack (2.2.8)
    rack-protection (2.2.4)
      rack
    rack-test (2.1.0)
      rack (>= 1.3)
    rake (12.3.3)
    rake-compiler (1.2.5)
      rake
    redis (4.8.0)
    redis-namespace (1.10.0)
      redis (>= 4)
    resque (2.5.0)
      mono_logger (~> 1.0)
      multi_json (~> 1.0)
      redis-namespace (~> 1.6)
      sinatra (>= 0.9.2)
    rexml (3.2.8)
      strscan (>= 3.0.9)
    roda (3.71.0)
      rack
    rspec (3.12.0)
      rspec-core (~> 3.12.0)
      rspec-expectations (~> 3.12.0)
      rspec-mocks (~> 3.12.0)
    rspec-collection_matchers (1.2.0)
      rspec-expectations (>= 2.99.0.beta1)
    rspec-core (3.12.2)
      rspec-support (~> 3.12.0)
    rspec-expectations (3.12.3)
      diff-lcs (>= 1.2.0, < 2.0)
      rspec-support (~> 3.12.0)
    rspec-mocks (3.12.2)
      diff-lcs (>= 1.2.0, < 2.0)
      rspec-support (~> 3.12.0)
    rspec-support (3.12.0)
    rspec-wait (0.0.9)
      rspec (>= 3, < 4)
    rspec_junit_formatter (0.6.0)
      rspec-core (>= 2, < 4, != 2.12.0)
    ruby-debug-base (0.11.0-java)
    ruby2_keywords (0.0.5)
    semantic_logger (4.14.0)
      concurrent-ruby (~> 1.0)
    serverengine (2.1.1)
      sigdump (~> 0.2.2)
    sidekiq (6.5.9)
      connection_pool (>= 2.2.5, < 3)
      rack (~> 2.0)
      redis (>= 4.5.0, < 5)
    sigdump (0.2.5)
    simplecov-cobertura (2.1.0)
      rexml
      simplecov (~> 0.19)
    simplecov-html (0.12.3)
    simplecov_json_formatter (0.1.4)
    sinatra (2.2.4)
      mustermann (~> 2.0)
      rack (~> 2.2)
      rack-protection (= 2.2.4)
      tilt (~> 2.0)
    sneakers (2.12.0)
      bunny (~> 2.14)
      concurrent-ruby (~> 1.0)
      rake (~> 12.3)
      serverengine (~> 2.1.0)
      thor
    sorted_set (1.0.3-java)
    spoon (0.0.6)
      ffi
    strscan (3.1.0-java)
    sucker_punch (3.1.0)
      concurrent-ruby (~> 1.0)
    thor (1.2.1)
    tilt (2.0.11)
    warning (1.3.0)
    webmock (3.13.0)
      addressable (>= 2.3.6)
      crack (>= 0.3.2)
      hashdiff (>= 0.4.0, < 2.0.0)
    webrick (1.7.0)
    yard (0.9.28)
      webrick (~> 1.7.0)

PLATFORMS
  universal-java-1.8

DEPENDENCIES
  appraisal (~> 2.4.0)
  benchmark-ips (~> 2.8)
  benchmark-memory (< 0.2)
  builder
  bunny (~> 2.19.0)
  climate_control (~> 0.2.0)
  concurrent-ruby
  dalli (>= 3.0.0)
  datadog!
  dogstatsd-ruby (>= 3.3.0, != 5.1.0, != 5.0.1, != 5.0.0)
  ffi (~> 1.16.3)
  i18n (= 1.8.7)
  json-schema (< 3)
  memory_profiler (~> 0.9)
  mongo (>= 2.8.0, < 2.15.0)
  os (~> 1.1)
  pimpmychangelog (>= 0.1.2)
  pry
  pry-debugger-jruby
  que (>= 1.0.0, < 2.0.0)
  rack-test
  rake (>= 12.3)
  rake-compiler (~> 1.1, >= 1.1.1)
  resque
  rexml (>= 3.2.7)
  roda (>= 2.0.0)
  rspec (~> 3.12)
  rspec-collection_matchers (~> 1.1)
  rspec-wait (~> 0)
  rspec_junit_formatter (>= 0.5.1)
  semantic_logger (~> 4.0)
  sidekiq
  simplecov!
  simplecov-cobertura (~> 2.1.0)
  sneakers (>= 2.12.0)
  sucker_punch
  warning (~> 1)
  webmock (>= 3.10.0)
  yard (~> 0.9)

BUNDLED WITH
   2.3.27
