GIT
  remote: https://github.com/DataDog/simplecov
  revision: 3bb6b7ee58bf4b1954ca205f50dd44d6f41c57db
  ref: 3bb6b7ee58bf4b1954ca205f50dd44d6f41c57db
  specs:
    simplecov (0.21.2)
      docile (~> 1.1)
      simplecov-html (~> 0.11)
      simplecov_json_formatter (~> 0.1)

PATH
  remote: ..
  specs:
    datadog (2.7.0)
      datadog-ruby_core_source (~> 3.3)
      libdatadog (~> 14.1.0.1.0)
      libddwaf (~> 1.18.0.0.0)
      msgpack

GEM
  remote: https://rubygems.org/
  specs:
    addressable (2.8.7)
      public_suffix (>= 2.0.2, < 7.0)
    appraisal (2.4.1)
      bundler
      rake
      thor (>= 0.14.0)
    benchmark-ips (2.13.0)
    benchmark-memory (0.1.2)
      memory_profiler (~> 0.9)
    bigdecimal (3.1.8-java)
    climate_control (0.2.0)
    coderay (1.1.3)
    concurrent-ruby (1.3.4)
    crack (1.0.0)
      bigdecimal
      rexml
    datadog-ruby_core_source (3.3.6)
    diff-lcs (1.5.1)
    docile (1.4.1)
    dogstatsd-ruby (5.6.1)
    ffi (1.17.0-java)
    hashdiff (1.1.1)
    json-schema (2.8.1)
      addressable (>= 2.4)
    libdatadog (14.1.0.1.0)
    libddwaf (1.18.0.0.0-java)
      ffi (~> 1.0)
    memory_profiler (0.9.14)
    method_source (1.1.0)
    msgpack (1.7.5-java)
    os (1.1.4)
    pimpmychangelog (0.1.3)
    pry (0.14.2-java)
      coderay (~> 1.1)
      method_source (~> 1.0)
      spoon (~> 0.0)
    pry-debugger-jruby (2.1.1-java)
      pry (>= 0.13, < 0.15)
      ruby-debug-base (>= 0.10.4, < 0.12)
    public_suffix (4.0.7)
    rake (13.2.1)
    rake-compiler (1.2.7)
      rake
    rexml (3.3.6)
      strscan
    rspec (3.13.0)
      rspec-core (~> 3.13.0)
      rspec-expectations (~> 3.13.0)
      rspec-mocks (~> 3.13.0)
    rspec-collection_matchers (1.2.1)
      rspec-expectations (>= 2.99.0.beta1)
    rspec-core (3.13.0)
      rspec-support (~> 3.13.0)
    rspec-expectations (3.13.2)
      diff-lcs (>= 1.2.0, < 2.0)
      rspec-support (~> 3.13.0)
    rspec-mocks (3.13.1)
      diff-lcs (>= 1.2.0, < 2.0)
      rspec-support (~> 3.13.0)
    rspec-support (3.13.1)
    rspec-wait (0.0.10)
      rspec (>= 3.0)
    rspec_junit_formatter (0.6.0)
      rspec-core (>= 2, < 4, != 2.12.0)
    ruby-debug-base (0.11.0-java)
    simplecov-cobertura (2.1.0)
      rexml
      simplecov (~> 0.19)
    simplecov-html (0.12.3)
    simplecov_json_formatter (0.1.4)
    spoon (0.0.6)
      ffi
    stripe (8.7.0)
    strscan (3.1.0-java)
    thor (1.2.2)
    warning (1.4.0)
    webmock (3.23.1)
      addressable (>= 2.8.0)
      crack (>= 0.3.2)
      hashdiff (>= 0.4.0, < 2.0.0)

PLATFORMS
  universal-java-1.8

DEPENDENCIES
  appraisal (~> 2.4.0)
  benchmark-ips (~> 2.8)
  benchmark-memory (< 0.2)
  climate_control (~> 0.2.0)
  concurrent-ruby
  datadog!
  dogstatsd-ruby (>= 3.3.0, != 5.1.0, != 5.0.1, != 5.0.0)
  json-schema (< 3)
  memory_profiler (~> 0.9)
  os (~> 1.1)
  pimpmychangelog (>= 0.1.2)
  pry
  pry-debugger-jruby
  rake (>= 10.5)
  rake-compiler (~> 1.1, >= 1.1.1)
  rspec (~> 3.13)
  rspec-collection_matchers (~> 1.1)
  rspec-wait (~> 0)
  rspec_junit_formatter (>= 0.5.1)
  simplecov!
  simplecov-cobertura (~> 2.1.0)
  stripe (~> 8)
  warning (~> 1)
  webmock (>= 3.10.0)

BUNDLED WITH
   2.3.26
