PATH
  remote: ..
  specs:
    ddtrace (1.18.0)
      datadog-ci (~> 0.6.0)
      debase-ruby_core_source (= 3.3.1)
      libdatadog (~> 5.0.0.1.0)
      libddwaf (~> 1.14.0.0.0)
      msgpack

GEM
  remote: https://rubygems.org/
  specs:
    activemodel (3.2.22.5)
      activesupport (= 3.2.22.5)
      builder (~> 3.0.0)
    activerecord (3.2.22.5)
      activemodel (= 3.2.22.5)
      activesupport (= 3.2.22.5)
      arel (~> 3.0.2)
      tzinfo (~> 0.3.29)
    activerecord-mysql-adapter (0.0.1)
      activerecord (>= 3.2.9)
      activesupport (>= 3.2.9)
      mysql (>= 2.9.0)
    activesupport (3.2.22.5)
      i18n (~> 0.6, >= 0.6.4)
      multi_json (~> 1.0)
    addressable (2.4.0)
    appraisal (2.4.1)
      bundler
      rake
      thor (>= 0.14.0)
    arel (3.0.3)
    benchmark-ips (2.12.0)
    benchmark-memory (0.1.2)
      memory_profiler (~> 0.9)
    builder (3.0.4)
    climate_control (0.2.0)
    coderay (1.1.3)
    concurrent-ruby (1.2.2)
    crack (0.4.5)
      rexml
    datadog-ci (0.6.0)
      msgpack
    debase-ruby_core_source (3.3.1)
    diff-lcs (1.5.0)
    docile (1.3.5)
    dogstatsd-ruby (5.6.0)
    extlz4 (0.3.4)
    ffi (1.15.5)
    google-protobuf (3.19.1)
    google-protobuf (3.19.1-x86_64-linux)
    hashdiff (1.0.1)
    i18n (0.9.5)
      concurrent-ruby (~> 1.0)
    json (2.6.3)
    json-schema (2.8.1)
      addressable (>= 2.4)
    libdatadog (5.0.0.1.0)
    libddwaf (1.14.0.0.0)
      ffi (~> 1.0)
    makara (0.3.10)
      activerecord (>= 3.0.0)
    memory_profiler (0.9.14)
    method_source (1.0.0)
    msgpack (1.3.3)
    multi_json (1.15.0)
    mysql (2.9.1)
    mysql2 (0.3.21)
    os (1.1.4)
    pimpmychangelog (0.1.3)
    pry (0.14.2)
      coderay (~> 1.1)
      method_source (~> 1.0)
    pry-nav (1.0.0)
      pry (>= 0.9.10, < 0.15)
    rake (13.0.6)
    rake-compiler (1.2.5)
      rake
    redcarpet (3.6.0)
    rexml (3.2.5)
    rspec (3.12.0)
      rspec-core (~> 3.12.0)
      rspec-expectations (~> 3.12.0)
      rspec-mocks (~> 3.12.0)
    rspec-collection_matchers (1.2.0)
      rspec-expectations (>= 2.99.0.beta1)
    rspec-core (3.12.2)
      rspec-support (~> 3.12.0)
    rspec-expectations (3.12.3)
      diff-lcs (>= 1.2.0, < 2.0)
      rspec-support (~> 3.12.0)
    rspec-mocks (3.12.6)
      diff-lcs (>= 1.2.0, < 2.0)
      rspec-support (~> 3.12.0)
    rspec-support (3.12.1)
    rspec-wait (0.0.9)
      rspec (>= 3, < 4)
    rspec_junit_formatter (0.6.0)
      rspec-core (>= 2, < 4, != 2.12.0)
    simplecov (0.17.1)
      docile (~> 1.1)
      json (>= 1.8, < 3)
      simplecov-html (~> 0.10.0)
    simplecov-html (0.10.2)
    sqlite3 (1.3.13)
    thor (1.2.2)
    tzinfo (0.3.62)
    webmock (3.13.0)
      addressable (>= 2.3.6)
      crack (>= 0.3.2)
      hashdiff (>= 0.4.0, < 2.0.0)
    yard (0.9.34)

PLATFORMS
  aarch64-linux
  ruby
  x86_64-linux

DEPENDENCIES
  activerecord (~> 3)
  activerecord-mysql-adapter
  appraisal (~> 2.4.0)
  benchmark-ips (~> 2.8)
  benchmark-memory (< 0.2)
  builder
  climate_control (~> 0.2.0)
  concurrent-ruby
  ddtrace!
  docile (~> 1.3.5)
  dogstatsd-ruby (>= 3.3.0, != 5.1.0, != 5.0.1, != 5.0.0)
  extlz4 (~> 0.3, >= 0.3.3)
  google-protobuf (~> 3.0, < 3.19.2, != 3.7.1, != 3.7.0)
  json-schema (< 3)
  makara (~> 0.3.0)
  memory_profiler (~> 0.9)
  msgpack (~> 1.3.3)
  mysql2 (~> 0.3.0)
  os (~> 1.1)
  pimpmychangelog (>= 0.1.2)
  pry
  pry-nav
  rake (>= 10.5)
  rake-compiler (~> 1.1, >= 1.1.1)
  redcarpet (~> 3.4)
  rspec (~> 3.12)
  rspec-collection_matchers (~> 1.1)
  rspec-wait (~> 0)
  rspec_junit_formatter (>= 0.5.1)
  simplecov (~> 0.17)
  simplecov-html (~> 0.10.2)
  sqlite3 (~> 1.3.0)
  webmock (>= 3.10.0)
  yard (~> 0.9)

BUNDLED WITH
   1.17.3
