PATH
  remote: ..
  specs:
    datadog (2.40.0.dev)
      cgi
      datadog-ruby_core_source (~> 3.5, >= 3.5.3)
      libdatadog (~> 36.0.0.1.0)
      libddwaf (~> 1.30.0.0.0)
      logger
      msgpack

GEM
  remote: https://rubygems.org/
  specs:
    actioncable (6.1.7.2)
      actionpack (= 6.1.7.2)
      activesupport (= 6.1.7.2)
      nio4r (~> 2.0)
      websocket-driver (>= 0.6.1)
    actionmailbox (6.1.7.2)
      actionpack (= 6.1.7.2)
      activejob (= 6.1.7.2)
      activerecord (= 6.1.7.2)
      activestorage (= 6.1.7.2)
      activesupport (= 6.1.7.2)
      mail (>= 2.7.1)
    actionmailer (6.1.7.2)
      actionpack (= 6.1.7.2)
      actionview (= 6.1.7.2)
      activejob (= 6.1.7.2)
      activesupport (= 6.1.7.2)
      mail (~> 2.5, >= 2.5.4)
      rails-dom-testing (~> 2.0)
    actionpack (6.1.7.2)
      actionview (= 6.1.7.2)
      activesupport (= 6.1.7.2)
      rack (~> 2.0, >= 2.0.9)
      rack-test (>= 0.6.3)
      rails-dom-testing (~> 2.0)
      rails-html-sanitizer (~> 1.0, >= 1.2.0)
    actiontext (6.1.7.2)
      actionpack (= 6.1.7.2)
      activerecord (= 6.1.7.2)
      activestorage (= 6.1.7.2)
      activesupport (= 6.1.7.2)
      nokogiri (>= 1.8.5)
    actionview (6.1.7.2)
      activesupport (= 6.1.7.2)
      builder (~> 3.1)
      erubi (~> 1.4)
      rails-dom-testing (~> 2.0)
      rails-html-sanitizer (~> 1.1, >= 1.2.0)
    activejob (6.1.7.2)
      activesupport (= 6.1.7.2)
      globalid (>= 0.3.6)
    activemodel (6.1.7.2)
      activesupport (= 6.1.7.2)
    activerecord (6.1.7.2)
      activemodel (= 6.1.7.2)
      activesupport (= 6.1.7.2)
    activestorage (6.1.7.2)
      actionpack (= 6.1.7.2)
      activejob (= 6.1.7.2)
      activerecord (= 6.1.7.2)
      activesupport (= 6.1.7.2)
      marcel (~> 1.0)
      mini_mime (>= 1.1.0)
    activesupport (6.1.7.2)
      concurrent-ruby (~> 1.0, >= 1.0.2)
      i18n (>= 1.6, < 2)
      minitest (>= 5.1)
      tzinfo (~> 2.0)
      zeitwerk (~> 2.3)
    addressable (2.9.0)
      public_suffix (>= 2.0.2, < 8.0)
    benchmark-ips (2.15.1)
    benchmark-memory (0.1.2)
      memory_profiler (~> 0.9)
    bigdecimal (4.1.2)
    builder (3.2.4)
    byebug (13.0.0)
      reline (>= 0.6.0)
    cgi (0.5.2)
    climate_control (1.2.0)
    coderay (1.1.3)
    concurrent-ruby (1.3.7)
    connection_pool (2.3.0)
    crack (1.0.1)
      bigdecimal
      rexml
    crass (1.0.6)
    datadog-ruby_core_source (3.5.3)
    date (3.5.1)
    debug (1.11.1)
      irb (~> 1.10)
      reline (>= 0.3.8)
    diff-lcs (1.6.2)
    docile (1.4.1)
    dogstatsd-ruby (5.7.1)
    erb (6.0.5)
    erubi (1.12.0)
    ffi (1.17.4-aarch64-linux-gnu)
    ffi (1.17.4-arm64-darwin)
    ffi (1.17.4-x86_64-darwin)
    ffi (1.17.4-x86_64-linux-gnu)
    globalid (1.1.0)
      activesupport (>= 5.0)
    google-protobuf (3.25.8-aarch64-linux)
    google-protobuf (3.25.8-arm64-darwin)
    google-protobuf (3.25.8-x86_64-darwin)
    google-protobuf (3.25.8-x86_64-linux)
    hashdiff (1.2.1)
    i18n (1.12.0)
      concurrent-ruby (~> 1.0)
    io-console (0.8.2)
    irb (1.18.0)
      pp (>= 0.6.0)
      prism (>= 1.3.0)
      rdoc (>= 4.0.0)
      reline (>= 0.4.2)
    json-schema (6.2.0)
      addressable (~> 2.8)
      bigdecimal (>= 3.1, < 5)
    libdatadog (36.0.0.1.0)
    libdatadog (36.0.0.1.0-aarch64-linux)
    libdatadog (36.0.0.1.0-arm64-darwin)
    libdatadog (36.0.0.1.0-x86_64-linux)
    libddwaf (1.30.0.0.2-aarch64-linux)
      ffi (~> 1.0)
    libddwaf (1.30.0.0.2-arm64-darwin)
      ffi (~> 1.0)
    libddwaf (1.30.0.0.2-x86_64-darwin)
      ffi (~> 1.0)
    libddwaf (1.30.0.0.2-x86_64-linux)
      ffi (~> 1.0)
    logger (1.7.0)
    lograge (0.12.0)
      actionpack (>= 4)
      activesupport (>= 4)
      railties (>= 4)
      request_store (~> 1.0)
    loofah (2.19.1)
      crass (~> 1.0.2)
      nokogiri (>= 1.5.9)
    mail (2.8.1)
      mini_mime (>= 0.1.1)
      net-imap
      net-pop
      net-smtp
    marcel (1.0.2)
    memory_profiler (0.9.14)
    method_source (1.1.0)
    mini_mime (1.1.2)
    minitest (5.17.0)
    msgpack (1.8.3)
    net-imap (0.3.4)
      date
      net-protocol
    net-pop (0.1.2)
      net-protocol
    net-protocol (0.2.1)
      timeout
    net-smtp (0.3.3)
      net-protocol
    nio4r (2.5.8)
    nokogiri (1.14.2-aarch64-linux)
      racc (~> 1.4)
    nokogiri (1.14.2-arm64-darwin)
      racc (~> 1.4)
    nokogiri (1.14.2-x86_64-darwin)
      racc (~> 1.4)
    nokogiri (1.14.2-x86_64-linux)
      racc (~> 1.4)
    os (1.1.4)
    pg (1.4.6)
    pp (0.6.4)
      prettyprint
    prettyprint (0.2.0)
    prism (1.9.0)
    pry (0.16.0)
      coderay (~> 1.1)
      method_source (~> 1.0)
      reline (>= 0.6.0)
    public_suffix (7.0.5)
    racc (1.8.1)
    rack (2.2.6.2)
    rack-test (2.0.2)
      rack (>= 1.3)
    rails (6.1.7.2)
      actioncable (= 6.1.7.2)
      actionmailbox (= 6.1.7.2)
      actionmailer (= 6.1.7.2)
      actionpack (= 6.1.7.2)
      actiontext (= 6.1.7.2)
      actionview (= 6.1.7.2)
      activejob (= 6.1.7.2)
      activemodel (= 6.1.7.2)
      activerecord (= 6.1.7.2)
      activestorage (= 6.1.7.2)
      activesupport (= 6.1.7.2)
      bundler (>= 1.15.0)
      railties (= 6.1.7.2)
      sprockets-rails (>= 2.0.0)
    rails-dom-testing (2.0.3)
      activesupport (>= 4.2.0)
      nokogiri (>= 1.6)
    rails-html-sanitizer (1.5.0)
      loofah (~> 2.19, >= 2.19.1)
    rails_semantic_logger (4.11.0)
      rack
      railties (>= 5.1)
      semantic_logger (~> 4.9)
    railties (6.1.7.2)
      actionpack (= 6.1.7.2)
      activesupport (= 6.1.7.2)
      method_source
      rake (>= 12.2)
      thor (~> 1.0)
    rake (13.4.2)
    rake-compiler (1.3.1)
      rake
    rbs (4.0.3)
      logger
      prism (>= 1.6.0)
      tsort
    rdoc (8.0.0)
      erb
      prism (>= 1.6.0)
      rbs (>= 4.0.0)
      tsort
    redis-client (0.12.2)
      connection_pool
    reline (0.6.3)
      io-console (~> 0.5)
    request_store (1.5.1)
      rack (>= 1.4)
    rexml (3.4.4)
    rspec (3.13.2)
      rspec-core (~> 3.13.0)
      rspec-expectations (~> 3.13.0)
      rspec-mocks (~> 3.13.0)
    rspec-collection_matchers (1.2.1)
      rspec-expectations (>= 2.99.0.beta1)
    rspec-core (3.13.6)
      rspec-support (~> 3.13.0)
    rspec-expectations (3.13.5)
      diff-lcs (>= 1.2.0, < 2.0)
      rspec-support (~> 3.13.0)
    rspec-mocks (3.13.8)
      diff-lcs (>= 1.2.0, < 2.0)
      rspec-support (~> 3.13.0)
    rspec-support (3.13.7)
    rspec-wait (0.0.10)
      rspec (>= 3.0)
    rspec_junit_formatter (0.6.0)
      rspec-core (>= 2, < 4, != 2.12.0)
    semantic_logger (4.12.0)
      concurrent-ruby (~> 1.0)
    sidekiq (7.0.6)
      concurrent-ruby (< 2)
      connection_pool (>= 2.3.0)
      rack (>= 2.2.4)
      redis-client (>= 0.11.0)
    simplecov (0.22.0)
      docile (~> 1.1)
      simplecov-html (~> 0.11)
      simplecov_json_formatter (~> 0.1)
    simplecov-html (0.13.2)
    simplecov_json_formatter (0.1.4)
    sprockets (3.7.2)
      concurrent-ruby (~> 1.0)
      rack (> 1, < 3)
    sprockets-rails (3.4.2)
      actionpack (>= 5.2)
      activesupport (>= 5.2)
      sprockets (>= 3.0.0)
    thor (1.5.0)
    timeout (0.3.2)
    tsort (0.2.0)
    tzinfo (2.0.6)
      concurrent-ruby (~> 1.0)
    warning (1.6.0)
    webmock (3.26.2)
      addressable (>= 2.8.0)
      crack (>= 0.3.2)
      hashdiff (>= 0.4.0, < 2.0.0)
    webrick (1.9.2)
    websocket-driver (0.7.5)
      websocket-extensions (>= 0.1.0)
    websocket-extensions (0.1.5)
    zeitwerk (2.6.7)
    zstd-ruby (2.0.6)

PLATFORMS
  aarch64-linux
  arm64-darwin
  x86_64-darwin
  x86_64-linux

DEPENDENCIES
  benchmark-ips (~> 2.8)
  benchmark-memory (< 0.2)
  byebug
  climate_control (~> 1.2.0)
  concurrent-ruby
  datadog!
  debug
  dogstatsd-ruby (>= 3.3.0, != 5.1.0, != 5.0.1, != 5.0.0)
  google-protobuf (~> 3.0, != 3.7.1, != 3.7.0)
  json-schema (~> 6.2)
  lograge (~> 0.11)
  memory_profiler (~> 0.9)
  net-smtp
  os (~> 1.1)
  pg (>= 1.1)
  pry
  rails (~> 6.1.0)
  rails_semantic_logger (~> 4.0)
  rake (>= 10.5)
  rake-compiler (~> 1.1, >= 1.1.1)
  rspec (~> 3.13)
  rspec-collection_matchers (~> 1.1)
  rspec-wait (~> 0)
  rspec_junit_formatter (>= 0.5.1)
  sidekiq (>= 6.1.2)
  simplecov (~> 0.22.0)
  sprockets (< 4)
  warning (~> 1)
  webmock (>= 3.10.0)
  webrick (>= 1.7.0)
  zstd-ruby

CHECKSUMS
  actioncable (6.1.7.2) sha256=7af0fda230fba5a8c8d28afff02b6e56e7871269b5799f2bc1c4f5a4f29134f9
  actionmailbox (6.1.7.2) sha256=76bbf2b0561244dd6fe85c6c31d30edf574b0a976a6c492d48bbeb91b266ea2f
  actionmailer (6.1.7.2) sha256=444281dcbceb946cf26e42016601de389995c53bcec21597ae8ad0a2c26d4de6
  actionpack (6.1.7.2) sha256=ea471bc6dbfc793fc3632623807439f58424565f705f747aa6c85875b1365e30
  actiontext (6.1.7.2) sha256=d237909c98bfc529c8db2895f5e74add2f3cb8e4040e09fad964c46052e4a8cb
  actionview (6.1.7.2) sha256=ea03ef64da97b295ee498b95a1183ab738ec422a6e7deaf1dbd05502d17ce581
  activejob (6.1.7.2) sha256=bfa6eef35d855ddfa1686ea46f13e9db384a7d0cb04557ba51a274e2b9a49146
  activemodel (6.1.7.2) sha256=1217e806dc3c2b48ccf69cdf8a5ec8e6e2af56390faf102cb75e43278e3fc15a
  activerecord (6.1.7.2) sha256=07f2f05fdd97cdd6fc520a261cb3c921ce5071db7aa32e81e8922c0ad6a8c9cc
  activestorage (6.1.7.2) sha256=c3a27b42e7b40a1733b26ca86d83836575ed1437896a581e63d37d1500db6c30
  activesupport (6.1.7.2) sha256=22eb2a7bb30ff7495de3920955839e62ca1de347185ffb15f70a0773a6c0f292
  addressable (2.9.0) sha256=7fdf6ac3660f7f4e867a0838be3f6cf722ace541dd97767fa42bc6cfa980c7af
  benchmark-ips (2.15.1) sha256=07a1a9f3c6105ecaf68c174fc3fbcddd71a0e9ada6236ae03093a0dcfd812d59
  benchmark-memory (0.1.2) sha256=aa7bfe6776174d0ddefe6fb39945d88fff6d76eac165690188391d9acd441c87
  bigdecimal (4.1.2) sha256=53d217666027eab4280346fba98e7d5b66baaae1b9c3c1c0ffe89d48188a3fbd
  builder (3.2.4) sha256=99caf08af60c8d7f3a6b004029c4c3c0bdaebced6c949165fe98f1db27fbbc10
  byebug (13.0.0) sha256=d2263efe751941ca520fa29744b71972d39cbc41839496706f5d9b22e92ae05d
  cgi (0.5.2) sha256=61ca30298171190fd4fa0d8018e57ada456eae9b7a2b78526debf7f0a0e6f8bb
  climate_control (1.2.0) sha256=36b21896193fa8c8536fa1cd843a07cf8ddbd03aaba43665e26c53ec1bd70aa5
  coderay (1.1.3) sha256=dc530018a4684512f8f38143cd2a096c9f02a1fc2459edcfe534787a7fc77d4b
  concurrent-ruby (1.3.7) sha256=4412caec3a5ea2e5fdc52076724c071a81f2c0593d83b2ac8cbb8ca63b3151b0
  connection_pool (2.3.0) sha256=677985be912f33c90f98f229aaa0c0ddb2ef8776f21929a36eeeb25251c944da
  crack (1.0.1) sha256=ff4a10390cd31d66440b7524eb1841874db86201d5b70032028553130b6d4c7e
  crass (1.0.6) sha256=dc516022a56e7b3b156099abc81b6d2b08ea1ed12676ac7a5657617f012bd45d
  datadog (2.40.0.dev)
  datadog-ruby_core_source (3.5.3) sha256=5636592e73664c6c1efedf6645f2a882c4d04902088f847f6a5ddb765340cc9b
  date (3.5.1) sha256=750d06384d7b9c15d562c76291407d89e368dda4d4fff957eb94962d325a0dc0
  debug (1.11.1) sha256=2e0b0ac6119f2207a6f8ac7d4a73ca8eb4e440f64da0a3136c30343146e952b6
  diff-lcs (1.6.2) sha256=9ae0d2cba7d4df3075fe8cd8602a8604993efc0dfa934cff568969efb1909962
  docile (1.4.1) sha256=96159be799bfa73cdb721b840e9802126e4e03dfc26863db73647204c727f21e
  dogstatsd-ruby (5.7.1) sha256=d2e211f9635d6bbe773e152e00fd4cb9f165d26e10356dbef8f917f7a9e5d58c
  erb (6.0.5) sha256=858e63488cb796c9daba8b6e9ff4b3879c395022049be9a66a8e00980e612eac
  erubi (1.12.0) sha256=27bedb74dfb1e04ff60674975e182d8ca787f2224f2e8143268c7696f42e4723
  ffi (1.17.4-aarch64-linux-gnu) sha256=b208f06f91ffd8f5e1193da3cae3d2ccfc27fc36fba577baf698d26d91c080df
  ffi (1.17.4-arm64-darwin) sha256=19071aaf1419251b0a46852abf960e77330a3b334d13a4ab51d58b31a937001b
  ffi (1.17.4-x86_64-darwin) sha256=aa70390523cf3235096cf64962b709b4cfbd5c082a2cb2ae714eb0fe2ccda496
  ffi (1.17.4-x86_64-linux-gnu) sha256=9d3db14c2eae074b382fa9c083fe95aec6e0a1451da249eab096c34002bc752d
  globalid (1.1.0) sha256=b337e1746f0c8cb0a6c918234b03a1ddeb4966206ce288fbb57779f59b2d154f
  google-protobuf (3.25.8-aarch64-linux) sha256=5869d1a31f39ee3361e85f3ef3db0512c19f0e0c75cd69d7303c177e17590044
  google-protobuf (3.25.8-arm64-darwin) sha256=e294affc4fb25c8bc7edd264f0ba490d42dce3afff08db1e08fb7bb44cc57488
  google-protobuf (3.25.8-x86_64-darwin) sha256=9c9e8c1c760eeb314fd6bcba1b0fb1e64c473fc9e2040c8992df61874974c108
  google-protobuf (3.25.8-x86_64-linux) sha256=07783d910635e2a60eaf929fe3e45ea4d657d023be3816bda99a21c14f7be959
  hashdiff (1.2.1) sha256=9c079dbc513dfc8833ab59c0c2d8f230fa28499cc5efb4b8dd276cf931457cd1
  i18n (1.12.0) sha256=91e3cc1b97616d308707eedee413d82ee021d751c918661fb82152793e64aced
  io-console (0.8.2) sha256=d6e3ae7a7cc7574f4b8893b4fca2162e57a825b223a177b7afa236c5ef9814cc
  irb (1.18.0) sha256=de9454a0703a54704b9811a5ef31a60c86949fbf4013fcf244fabc7c775248e3
  json-schema (6.2.0) sha256=e8bff46ed845a22c1ab2bd0d7eccf831c01fe23bb3920caa4c74db4306813666
  libdatadog (36.0.0.1.0) sha256=664f53cff1d1362d46d0043e8cb610dc0bbf65e51e0358344733ac12e851126c
  libdatadog (36.0.0.1.0-aarch64-linux) sha256=104cb5264f1b7b592d03d84e09da4615506b8e7567eb7edf52cdbb8ec8a17778
  libdatadog (36.0.0.1.0-arm64-darwin) sha256=8fec056fc39674da51946776c7f59fafe32db2fc2939843a09d79b199494d655
  libdatadog (36.0.0.1.0-x86_64-linux) sha256=08bdbd2dd66195f9f208984434e51871b26075b9d1ca75eac8e8eb22f9c6ccc6
  libddwaf (1.30.0.0.2-aarch64-linux) sha256=f4d8498cce66cb30d81f46bb046b11c3a2202e21ca73c9edb80c3a37939a3dc2
  libddwaf (1.30.0.0.2-arm64-darwin) sha256=cbbec7eee8fe7dbdc6c11bf1429fcfc217fad84e822fc6f252cb1c45daf663cc
  libddwaf (1.30.0.0.2-x86_64-darwin) sha256=3fb97292a9e6eb4b50d48ed0805c48278a261744ce6944e0ded73144a0395060
  libddwaf (1.30.0.0.2-x86_64-linux) sha256=d6f628bfb91a7f89a4ef702c3fce3991ec0678c50031128b70799fde8362111d
  logger (1.7.0) sha256=196edec7cc44b66cfb40f9755ce11b392f21f7967696af15d274dde7edff0203
  lograge (0.12.0) sha256=a36fc0af45194bd2d397c378f4b4fdca4b824dc8eeb9ddd35e75d4a26eaaf296
  loofah (2.19.1) sha256=6c6469efdefe3496010000a346f9d3bf710e11ac4661e353cf56852326fb1023
  mail (2.8.1) sha256=ec3b9fadcf2b3755c78785cb17bc9a0ca9ee9857108a64b6f5cfc9c0b5bfc9ad
  marcel (1.0.2) sha256=a013b677ef46cbcb49fd5c59b3d35803d2ee04dd75d8bfdc43533fc5a31f7e4e
  memory_profiler (0.9.14) sha256=de558cf6525d8d56d2c0ea465b1664517fbe45560f892dc7a898d3b8c2863b12
  method_source (1.1.0) sha256=181301c9c45b731b4769bc81e8860e72f9161ad7d66dd99103c9ab84f560f5c5
  mini_mime (1.1.2) sha256=a54aec0cc7438a03a850adb00daca2bdb60747f839e28186994df057cea87151
  minitest (5.17.0) sha256=c0dfaa3e99ed5ee3500c92bb114cf9d0d3c1e6995e162dd7b49970a9f0315ece
  msgpack (1.8.3) sha256=8bda4a6428d3244e50d6bd55854d354edbada88a4e1f4f5731a39a0f86bee6a1
  net-imap (0.3.4) sha256=a82a59e2a429433dc54cae5a8b2979ffe49da8c66085740811bfa337dc3729b5
  net-pop (0.1.2) sha256=848b4e982013c15b2f0382792268763b748cce91c9e91e36b0f27ed26420dff3
  net-protocol (0.2.1) sha256=21adb19c197768899c389bd257545de9d5af64adb1928787653460c2699eac37
  net-smtp (0.3.3) sha256=3d51dcaa981b74aff2d89cbe89de4503bc2d682365ea5176366e950a0d68d5b0
  nio4r (2.5.8) sha256=3becb4ad95ab8ac0a9bd2e1b16466869402be62848082bf6329ae9091f276676
  nokogiri (1.14.2-aarch64-linux) sha256=966acf4f6c1fba10518f86498141cf44265564ac5a65dcc8496b65f8c354f776
  nokogiri (1.14.2-arm64-darwin) sha256=81404cd014ecb597725c3847523c2ee365191a968d0b5f7d857e03f388c57631
  nokogiri (1.14.2-x86_64-darwin) sha256=2508978f5ca28944919973f6300f0a7355fbe72604ab6a6913f1630be1030265
  nokogiri (1.14.2-x86_64-linux) sha256=bc6405e1f3ddac6e401f82d775f1c0c24c6e58c371b3fadaca0596d5d511e476
  os (1.1.4) sha256=57816d6a334e7bd6aed048f4b0308226c5fb027433b67d90a9ab435f35108d3f
  pg (1.4.6) sha256=d98f3dcb4a6ae29780a2219340cb0e55dbafbb7eb4ccc2b99f892f2569a7a61e
  pp (0.6.4) sha256=dfcb0fce700c41456265922884f9fe195d7fbb0674a3578e6c0f69588e82b570
  prettyprint (0.2.0) sha256=2bc9e15581a94742064a3cc8b0fb9d45aae3d03a1baa6ef80922627a0766f193
  prism (1.9.0) sha256=7b530c6a9f92c24300014919c9dcbc055bf4cdf51ec30aed099b06cd6674ef85
  pry (0.16.0) sha256=d76c69065698ed1f85e717bd33d7942c38a50868f6b0673c636192b3d1b6054e
  public_suffix (7.0.5) sha256=1a8bb08f1bbea19228d3bed6e5ed908d1cb4f7c2726d18bd9cadf60bc676f623
  racc (1.8.1) sha256=4a7f6929691dbec8b5209a0b373bc2614882b55fc5d2e447a21aaa691303d62f
  rack (2.2.6.2) sha256=4be320c0fdea6651f0247dbd4182c1bd8acc06606a6b8935a19ad6a504347763
  rack-test (2.0.2) sha256=adadd0e957f63a34199a9fdf905a920a0b0a50795735095b4ac4bd3c13385466
  rails (6.1.7.2) sha256=d50796f4106fe1793e048e80e11bc9aee4af1674c94a24ebe7f7b411217befac
  rails-dom-testing (2.0.3) sha256=b140c4f39f6e609c8113137b9a60dfc2ecb89864e496f87f23a68b3b8f12d8d1
  rails-html-sanitizer (1.5.0) sha256=bf326075e8a968cd882c30b15a4c9100059be3af2356093dc68324ec3bd9ea79
  rails_semantic_logger (4.11.0) sha256=a72a7dd5d0e2f9dbaf8a9f700b9e30e3f9b77647467d5ef77d6cf1085bb16015
  railties (6.1.7.2) sha256=5390d8aade88fb7452de6798c2385b21cff74219e49989b6b1b484e387b3a356
  rake (13.4.2) sha256=cb825b2bd5f1f8e91ca37bddb4b9aaf345551b4731da62949be002fa89283701
  rake-compiler (1.3.1) sha256=6b351612b6e2d73ddd5563ee799bb58685176e05363db6758504bd11573d670a
  rbs (4.0.3) sha256=5a7bf70e2628549d9a1f44eae447b2cfe55968a9c60cfff52693a4bdcc020e14
  rdoc (8.0.0) sha256=03bf8c08a9639658855a0cfd77c0abca8325c227693f7f33f82957811348c469
  redis-client (0.12.2) sha256=a31bb251a9dca3d2caddde3b73b7b48e5f470c8fdd99cfa88424f2e7e2a46bb3
  reline (0.6.3) sha256=1198b04973565b36ec0f11542ab3f5cfeeec34823f4e54cebde90968092b1835
  request_store (1.5.1) sha256=07a204d161590789f2b1d27f9f0eadcdecd6d868cb2f03240250e1bc747df78e
  rexml (3.4.4) sha256=19e0a2c3425dfbf2d4fc1189747bdb2f849b6c5e74180401b15734bc97b5d142
  rspec (3.13.2) sha256=206284a08ad798e61f86d7ca3e376718d52c0bc944626b2349266f239f820587
  rspec-collection_matchers (1.2.1) sha256=ff7626d2bbf16ac237fbb46439694c78b7d9c6dc49c4b216df437968133b56a2
  rspec-core (3.13.6) sha256=a8823c6411667b60a8bca135364351dda34cd55e44ff94c4be4633b37d828b2d
  rspec-expectations (3.13.5) sha256=33a4d3a1d95060aea4c94e9f237030a8f9eae5615e9bd85718fe3a09e4b58836
  rspec-mocks (3.13.8) sha256=086ad3d3d17533f4237643de0b5c42f04b66348c28bf6b9c2d3f4a3b01af1d47
  rspec-support (3.13.7) sha256=0640e5570872aafefd79867901deeeeb40b0c9875a36b983d85f54fb7381c47c
  rspec-wait (0.0.10) sha256=092d2ec9fa6bf4afa2119647024c78bc13ef658fe660c9e1e04ad1bf52d1f4b2
  rspec_junit_formatter (0.6.0) sha256=40dde674e6ae4e6cc0ff560da25497677e34fefd2338cc467a8972f602b62b15
  semantic_logger (4.12.0) sha256=b5872b1ad15bfb4fab1d58b200b2e237186c9f20d1e0cb8c3c93ce508f40a69d
  sidekiq (7.0.6) sha256=42c3bc645c8b34eb3f062bf074ca221f899e4c3c3e171d28180991fdd32d7e14
  simplecov (0.22.0) sha256=fe2622c7834ff23b98066bb0a854284b2729a569ac659f82621fc22ef36213a5
  simplecov-html (0.13.2) sha256=bd0b8e54e7c2d7685927e8d6286466359b6f16b18cb0df47b508e8d73c777246
  simplecov_json_formatter (0.1.4) sha256=529418fbe8de1713ac2b2d612aa3daa56d316975d307244399fa4838c601b428
  sprockets (3.7.2) sha256=5ea1d7facd09203c1aa196afd6178208cd25abdbcc2a9978810a2f0754e152a0
  sprockets-rails (3.4.2) sha256=36d6327757ccf7460a00d1d52b2d5ef0019a4670503046a129fa1fb1300931ad
  thor (1.5.0) sha256=e3a9e55fe857e44859ce104a84675ab6e8cd59c650a49106a05f55f136425e73
  timeout (0.3.2) sha256=269b765ea2fb052fc2bfb8d3be2c90d60fe1161f92bf971c91d6151b8a6bcddd
  tsort (0.2.0) sha256=9650a793f6859a43b6641671278f79cfead60ac714148aabe4e3f0060480089f
  tzinfo (2.0.6) sha256=8daf828cc77bcf7d63b0e3bdb6caa47e2272dcfaf4fbfe46f8c3a9df087a829b
  warning (1.6.0) sha256=a49cdfae19fb77d19afff2efbe45f8ab759e9cd25b4e4ce2c79dbaf46bdb6c9e
  webmock (3.26.2) sha256=774556f2ea6371846cca68c01769b2eac0d134492d21f6d0ab5dd643965a4c90
  webrick (1.9.2) sha256=beb4a15fc474defed24a3bda4ffd88a490d517c9e4e6118c3edce59e45864131
  websocket-driver (0.7.5) sha256=a280c3f44dcbb0323d58bc78dc49350c05d589ab7d13267fcff08d9d5ae76b28
  websocket-extensions (0.1.5) sha256=1c6ba63092cda343eb53fc657110c71c754c56484aad42578495227d717a8241
  zeitwerk (2.6.7) sha256=61767a6158480df290d0d2a3fd860d8ba3a28ba113837668ee94b657716a1409
  zstd-ruby (2.0.6) sha256=4d57faa75a11ed5db551fb8befe5bb508046518be1898a91a5d9ddf782f146de

BUNDLED WITH
  4.0.16
