GIT
  remote: https://github.com/DataDog/simplecov
  revision: 3bb6b7ee58bf4b1954ca205f50dd44d6f41c57db
  ref: 3bb6b7ee58bf4b1954ca205f50dd44d6f41c57db
  specs:
    simplecov (0.21.2)
      docile (~> 1.1)
      simplecov-html (~> 0.11)
      simplecov_json_formatter (~> 0.1)

PATH
  remote: ..
  specs:
    ddtrace (1.6.1)
      debase-ruby_core_source (>= 0.10.16, <= 0.10.17)
      libdatadog (~> 0.9.0.1.0)
      libddwaf (~> 1.5.1.0.0)
      msgpack

GEM
  remote: https://rubygems.org/
  specs:
    addressable (2.4.0)
    appraisal (2.4.1)
      bundler
      rake
      thor (>= 0.14.0)
    ast (2.4.2)
    atomic (1.1.101)
    avl_tree (1.2.1)
      atomic (~> 1.1)
    benchmark-ips (2.10.0)
    benchmark-memory (0.1.2)
      memory_profiler (~> 0.9)
    binding_of_caller (1.0.0)
      debug_inspector (>= 0.0.1)
    builder (3.2.4)
    byebug (11.1.3)
    climate_control (0.2.0)
    coderay (1.1.3)
    colorize (0.8.1)
    concurrent-ruby (1.1.10)
    crack (0.4.5)
      rexml
    cri (2.15.11)
    daemons (1.4.1)
    dalli (2.7.11)
    debase-ruby_core_source (0.10.17)
    debug_inspector (1.1.0)
    diff-lcs (1.5.0)
    docile (1.4.0)
    dogstatsd-ruby (5.5.0)
    elasticsearch (7.5.0)
      elasticsearch-api (= 7.5.0)
      elasticsearch-transport (= 7.5.0)
    elasticsearch-api (7.5.0)
      multi_json
    elasticsearch-transport (7.5.0)
      faraday (>= 0.14, < 1)
      multi_json
    eventmachine (1.2.7)
    extlz4 (0.3.3)
    faraday (0.17.6)
      multipart-post (>= 1.2, < 3)
    faraday_middleware (0.12.2)
      faraday (>= 0.7.4, < 1.0)
    ffi (1.15.5)
    google-protobuf (3.21.9)
    google-protobuf (3.21.9-x86_64-linux)
    graphql (1.12.24)
    hashdiff (1.0.1)
    hitimes (1.3.1)
    json (2.6.2)
    json-schema (2.8.1)
      addressable (>= 2.4)
    libdatadog (0.9.0.1.0-aarch64-linux)
    libdatadog (0.9.0.1.0-x86_64-linux)
    libddwaf (1.5.1.0.0-aarch64-linux)
      ffi (~> 1.0)
    libddwaf (1.5.1.0.0-x86_64-linux)
      ffi (~> 1.0)
    memory_profiler (0.9.14)
    method_source (1.0.0)
    metriks (0.9.9.8)
      atomic (~> 1.0)
      avl_tree (~> 1.2.0)
      hitimes (~> 1.1)
    msgpack (1.6.0)
    multi_json (1.15.0)
    multipart-post (2.2.3)
    mustermann (1.1.2)
      ruby2_keywords (~> 0.0.1)
    opentracing (0.5.0)
    os (1.1.4)
    parallel (1.22.1)
    parser (3.1.2.1)
      ast (~> 2.4.1)
    pimpmychangelog (0.1.3)
    presto-client (0.6.6)
      faraday (~> 0.12)
      faraday_middleware (~> 0.12.2)
      msgpack (>= 0.7.0)
    pry (0.14.1)
      coderay (~> 1.1)
      method_source (~> 1.0)
    pry-byebug (3.10.1)
      byebug (~> 11.0)
      pry (>= 0.13, < 0.15)
    pry-stack_explorer (0.6.1)
      binding_of_caller (~> 1.0)
      pry (~> 0.13)
    qless (0.12.0)
      metriks (~> 0.9)
      redis (>= 2.2, < 4.0.0.rc1)
      rusage (~> 0.2.0)
      sentry-raven (~> 0.15.6)
      sinatra (>= 1.3, < 2.1)
      statsd-ruby (~> 1.3)
      thin (~> 1.6)
      thor (~> 0.19.1)
      vegas (~> 0.1.11)
    rack (2.2.4)
    rack-protection (2.0.8.1)
      rack
    rainbow (3.1.1)
    rake (13.0.6)
    rake-compiler (1.2.0)
      rake
    redcarpet (3.5.1)
    redis (3.3.5)
    regexp_parser (2.6.1)
    rexml (3.2.5)
    rspec (3.12.0)
      rspec-core (~> 3.12.0)
      rspec-expectations (~> 3.12.0)
      rspec-mocks (~> 3.12.0)
    rspec-collection_matchers (1.2.0)
      rspec-expectations (>= 2.99.0.beta1)
    rspec-core (3.12.0)
      rspec-support (~> 3.12.0)
    rspec-expectations (3.12.0)
      diff-lcs (>= 1.2.0, < 2.0)
      rspec-support (~> 3.12.0)
    rspec-mocks (3.12.0)
      diff-lcs (>= 1.2.0, < 2.0)
      rspec-support (~> 3.12.0)
    rspec-support (3.12.0)
    rspec_junit_formatter (0.6.0)
      rspec-core (>= 2, < 4, != 2.12.0)
    rspec_n (1.5.0)
      colorize (~> 0.8.0)
      cri (~> 2.15.3)
    rubocop (1.32.0)
      json (~> 2.3)
      parallel (~> 1.10)
      parser (>= 3.1.0.0)
      rainbow (>= 2.2.2, < 4.0)
      regexp_parser (>= 1.8, < 3.0)
      rexml (>= 3.2.5, < 4.0)
      rubocop-ast (>= 1.19.1, < 2.0)
      ruby-progressbar (~> 1.7)
      unicode-display_width (>= 1.4.0, < 3.0)
    rubocop-ast (1.23.0)
      parser (>= 3.1.1.0)
    rubocop-packaging (0.5.1)
      rubocop (>= 0.89, < 2.0)
    rubocop-performance (1.15.1)
      rubocop (>= 1.7.0, < 2.0)
      rubocop-ast (>= 0.4.0)
    rubocop-rspec (2.12.1)
      rubocop (~> 1.31)
    ruby-prof (1.4.3)
    ruby-progressbar (1.11.0)
    ruby2_keywords (0.0.5)
    rusage (0.2.0)
    sentry-raven (0.15.6)
      faraday (>= 0.7.6)
    simplecov-html (0.12.3)
    simplecov_json_formatter (0.1.4)
    sinatra (2.0.8.1)
      mustermann (~> 1.0)
      rack (~> 2.0)
      rack-protection (= 2.0.8.1)
      tilt (~> 2.0)
    statsd-ruby (1.5.0)
    thin (1.8.1)
      daemons (~> 1.0, >= 1.0.9)
      eventmachine (~> 1.0, >= 1.0.4)
      rack (>= 1, < 3)
    thor (0.19.4)
    tilt (2.0.11)
    unicode-display_width (2.3.0)
    vegas (0.1.11)
      rack (>= 1.0.0)
    warning (1.3.0)
    webmock (3.13.0)
      addressable (>= 2.3.6)
      crack (>= 0.3.2)
      hashdiff (>= 0.4.0, < 2.0.0)
    webrick (1.7.0)
    yard (0.9.28)
      webrick (~> 1.7.0)

PLATFORMS
  aarch64-linux
  x86_64-linux

DEPENDENCIES
  addressable (~> 2.4.0)
  appraisal (~> 2.2)
  benchmark-ips (~> 2.8)
  benchmark-memory (< 0.2)
  builder
  climate_control (~> 0.2.0)
  concurrent-ruby
  dalli (< 3.0.0)
  ddtrace!
  dogstatsd-ruby (>= 3.3.0, != 5.1.0, != 5.0.1, != 5.0.0)
  elasticsearch (< 8.0.0)
  extlz4 (~> 0.3, >= 0.3.3)
  google-protobuf (~> 3.0, != 3.7.1, != 3.7.0)
  graphql (~> 1.12.0, < 2.0)
  json-schema (< 3)
  memory_profiler (~> 0.9)
  opentracing (>= 0.4.1)
  os (~> 1.1)
  pimpmychangelog (>= 0.1.2)
  presto-client (>= 0.5.14)
  pry
  pry-byebug
  pry-stack_explorer
  qless (= 0.12.0)
  rake (>= 10.5)
  rake-compiler (~> 1.1, >= 1.1.1)
  redcarpet (~> 3.4)
  rspec (~> 3.12)
  rspec-collection_matchers (~> 1.1)
  rspec_junit_formatter (>= 0.5.1)
  rspec_n (~> 1.3)
  rubocop (~> 1.10, < 1.33.0)
  rubocop-packaging (~> 0.5)
  rubocop-performance (~> 1.9)
  rubocop-rspec (~> 2.2)
  ruby-prof (~> 1.4)
  simplecov!
  warning (~> 1)
  webmock (>= 3.10.0)
  webrick (>= 1.7.0)
  yard (~> 0.9)

BUNDLED WITH
   2.3.26
