GIT
  remote: https://github.com/DataDog/simplecov
  revision: 3bb6b7ee58bf4b1954ca205f50dd44d6f41c57db
  ref: 3bb6b7ee58bf4b1954ca205f50dd44d6f41c57db
  specs:
    simplecov (0.21.2)
      docile (~> 1.1)
      simplecov-html (~> 0.11)
      simplecov_json_formatter (~> 0.1)

PATH
  remote: ..
  specs:
    datadog (2.7.1)
      datadog-ruby_core_source (~> 3.3)
      libdatadog (~> 14.1.0.1.0)
      libddwaf (~> 1.18.0.0.0)
      msgpack

GEM
  remote: https://rubygems.org/
  specs:
    addressable (2.8.5)
      public_suffix (>= 2.0.2, < 6.0)
    appraisal (2.4.1)
      bundler
      rake
      thor (>= 0.14.0)
    ast (2.4.2)
    base64 (0.2.0)
    benchmark-ips (2.12.0)
    benchmark-memory (0.1.2)
      memory_profiler (~> 0.9)
    binding_of_caller (1.0.0)
      debug_inspector (>= 0.0.1)
    byebug (11.1.3)
    climate_control (0.2.0)
    coderay (1.1.3)
    concurrent-ruby (1.2.2)
    crack (0.4.5)
      rexml
    datadog-ruby_core_source (3.3.6)
    debug_inspector (1.1.0)
    diff-lcs (1.5.0)
    docile (1.4.0)
    dogstatsd-ruby (5.6.1)
    elasticsearch (7.17.11)
      elasticsearch-api (= 7.17.11)
      elasticsearch-transport (= 7.17.11)
    elasticsearch-api (7.17.11)
      multi_json
    elasticsearch-transport (7.17.11)
      base64
      faraday (>= 1, < 3)
      multi_json
    extlz4 (0.3.4)
    faraday (2.12.1)
      faraday-net_http (>= 2.0, < 3.5)
      json
      logger
    faraday-net_http (3.4.0)
      net-http (>= 0.5.0)
    ffi (1.17.0-aarch64-linux-gnu)
    ffi (1.17.0-x86_64-linux-gnu)
    google-protobuf (3.24.4-aarch64-linux)
    google-protobuf (3.24.4-x86_64-linux)
    hashdiff (1.0.1)
    json (2.8.2)
    json-schema (2.8.1)
      addressable (>= 2.4)
    libdatadog (14.1.0.1.0-aarch64-linux)
    libdatadog (14.1.0.1.0-x86_64-linux)
    libddwaf (1.18.0.0.0-aarch64-linux)
      ffi (~> 1.0)
    libddwaf (1.18.0.0.0-x86_64-linux)
      ffi (~> 1.0)
    logger (1.6.1)
    memory_profiler (0.9.14)
    method_source (1.0.0)
    msgpack (1.7.5)
    multi_json (1.15.0)
    net-http (0.5.0)
      uri
    os (1.1.4)
    parallel (1.23.0)
    parser (3.2.2.4)
      ast (~> 2.4.1)
      racc
    pimpmychangelog (0.1.3)
    pry (0.14.2)
      coderay (~> 1.1)
      method_source (~> 1.0)
    pry-byebug (3.10.1)
      byebug (~> 11.0)
      pry (>= 0.13, < 0.15)
    pry-stack_explorer (0.6.1)
      binding_of_caller (~> 1.0)
      pry (~> 0.13)
    public_suffix (5.0.3)
    racc (1.7.1)
    rainbow (3.1.1)
    rake (13.0.6)
    rake-compiler (1.2.5)
      rake
    regexp_parser (2.8.2)
    rexml (3.2.8)
      strscan (>= 3.0.9)
    rspec (3.13.0)
      rspec-core (~> 3.13.0)
      rspec-expectations (~> 3.13.0)
      rspec-mocks (~> 3.13.0)
    rspec-collection_matchers (1.2.1)
      rspec-expectations (>= 2.99.0.beta1)
    rspec-core (3.13.2)
      rspec-support (~> 3.13.0)
    rspec-expectations (3.13.3)
      diff-lcs (>= 1.2.0, < 2.0)
      rspec-support (~> 3.13.0)
    rspec-mocks (3.13.2)
      diff-lcs (>= 1.2.0, < 2.0)
      rspec-support (~> 3.13.0)
    rspec-support (3.13.1)
    rspec-wait (0.0.9)
      rspec (>= 3, < 4)
    rspec_junit_formatter (0.6.0)
      rspec-core (>= 2, < 4, != 2.12.0)
    rubocop (1.50.2)
      json (~> 2.3)
      parallel (~> 1.10)
      parser (>= 3.2.0.0)
      rainbow (>= 2.2.2, < 4.0)
      regexp_parser (>= 1.8, < 3.0)
      rexml (>= 3.2.5, < 4.0)
      rubocop-ast (>= 1.28.0, < 2.0)
      ruby-progressbar (~> 1.7)
      unicode-display_width (>= 2.4.0, < 3.0)
    rubocop-ast (1.29.0)
      parser (>= 3.2.1.0)
    rubocop-capybara (2.19.0)
      rubocop (~> 1.41)
    rubocop-packaging (0.5.2)
      rubocop (>= 1.33, < 2.0)
    rubocop-performance (1.19.1)
      rubocop (>= 1.7.0, < 2.0)
      rubocop-ast (>= 0.4.0)
    rubocop-rspec (2.20.0)
      rubocop (~> 1.33)
      rubocop-capybara (~> 2.17)
    ruby-progressbar (1.13.0)
    simplecov-cobertura (2.1.0)
      rexml
      simplecov (~> 0.19)
    simplecov-html (0.12.3)
    simplecov_json_formatter (0.1.4)
    strscan (3.1.0)
    thor (1.2.2)
    unicode-display_width (2.5.0)
    uri (1.0.2)
    warning (1.3.0)
    webmock (3.19.1)
      addressable (>= 2.8.0)
      crack (>= 0.3.2)
      hashdiff (>= 0.4.0, < 2.0.0)
    webrick (1.8.1)

PLATFORMS
  aarch64-linux
  x86_64-linux

DEPENDENCIES
  appraisal (~> 2.4.0)
  benchmark-ips (~> 2.8)
  benchmark-memory (< 0.2)
  byebug
  climate_control (~> 0.2.0)
  concurrent-ruby
  datadog!
  dogstatsd-ruby (>= 3.3.0, != 5.1.0, != 5.0.1, != 5.0.0)
  elasticsearch (~> 7)
  extlz4 (~> 0.3, >= 0.3.3)
  google-protobuf (~> 3.0, != 3.7.1, != 3.7.0)
  json-schema (< 3)
  memory_profiler (~> 0.9)
  os (~> 1.1)
  pimpmychangelog (>= 0.1.2)
  pry
  pry-byebug
  pry-stack_explorer
  rake (>= 10.5)
  rake-compiler (~> 1.1, >= 1.1.1)
  rspec (~> 3.13)
  rspec-collection_matchers (~> 1.1)
  rspec-wait (~> 0)
  rspec_junit_formatter (>= 0.5.1)
  rubocop (~> 1.50.0)
  rubocop-packaging (~> 0.5.2)
  rubocop-performance (~> 1.9)
  rubocop-rspec (~> 2.20, < 2.21)
  simplecov!
  simplecov-cobertura (~> 2.1.0)
  warning (~> 1)
  webmock (>= 3.10.0)
  webrick (>= 1.7.0)

BUNDLED WITH
   2.5.21
