PATH
  remote: ..
  specs:
    datadog (2.15.0)
      datadog-ruby_core_source (~> 3.4, >= 3.4.1)
      libdatadog (~> 16.0.1.1.0)
      libddwaf (~> 1.22.0.0.2)
      logger
      msgpack

GEM
  remote: https://rubygems.org/
  specs:
    addressable (2.8.7)
      public_suffix (>= 2.0.2, < 7.0)
    benchmark-ips (2.14.0)
    benchmark-memory (0.1.2)
      memory_profiler (~> 0.9)
    bigdecimal (3.1.8)
    byebug (11.1.3)
    climate_control (1.2.0)
    coderay (1.1.3)
    concurrent-ruby (1.3.4)
    crack (1.0.0)
      bigdecimal
      rexml
    datadog-ruby_core_source (3.4.1)
    date (3.4.1)
    debug (1.10.0)
      irb (~> 1.10)
      reline (>= 0.3.8)
    diff-lcs (1.5.1)
    docile (1.4.1)
    dogstatsd-ruby (5.6.2)
    extlz4 (0.3.4)
    ffi (1.17.2-aarch64-linux-gnu)
    ffi (1.17.2-x86_64-linux-gnu)
    google-protobuf (3.25.5-aarch64-linux)
    google-protobuf (3.25.5-x86_64-linux)
    hashdiff (1.1.1)
    io-console (0.8.0)
    irb (1.15.1)
      pp (>= 0.6.0)
      rdoc (>= 4.0.0)
      reline (>= 0.4.2)
    json-schema (2.8.1)
      addressable (>= 2.4)
    libdatadog (16.0.1.1.0-aarch64-linux)
    libdatadog (16.0.1.1.0-x86_64-linux)
    libddwaf (1.22.0.0.2-aarch64-linux)
      ffi (~> 1.0)
    libddwaf (1.22.0.0.2-x86_64-linux)
      ffi (~> 1.0)
    logger (1.7.0)
    memory_profiler (0.9.14)
    method_source (1.1.0)
    msgpack (1.8.0)
    os (1.1.4)
    pp (0.6.2)
      prettyprint
    prettyprint (0.2.0)
    pry (0.14.2)
      coderay (~> 1.1)
      method_source (~> 1.0)
    psych (5.2.3)
      date
      stringio
    public_suffix (6.0.1)
    rack (3.1.13)
    rack-contrib (2.5.0)
      rack (< 4)
    rack-test (2.1.0)
      rack (>= 1.3)
    rake (13.2.1)
    rake-compiler (1.2.7)
      rake
    rdoc (6.11.0)
      psych (>= 4.0.0)
    reline (0.6.0)
      io-console (~> 0.5)
    rexml (3.3.7)
    rspec (3.13.0)
      rspec-core (~> 3.13.0)
      rspec-expectations (~> 3.13.0)
      rspec-mocks (~> 3.13.0)
    rspec-collection_matchers (1.2.1)
      rspec-expectations (>= 2.99.0.beta1)
    rspec-core (3.13.1)
      rspec-support (~> 3.13.0)
    rspec-expectations (3.13.3)
      diff-lcs (>= 1.2.0, < 2.0)
      rspec-support (~> 3.13.0)
    rspec-mocks (3.13.1)
      diff-lcs (>= 1.2.0, < 2.0)
      rspec-support (~> 3.13.0)
    rspec-support (3.13.1)
    rspec-wait (0.0.10)
      rspec (>= 3.0)
    rspec_junit_formatter (0.6.0)
      rspec-core (>= 2, < 4, != 2.12.0)
    simplecov (0.22.0)
      docile (~> 1.1)
      simplecov-html (~> 0.11)
      simplecov_json_formatter (~> 0.1)
    simplecov-cobertura (2.1.0)
      rexml
      simplecov (~> 0.19)
    simplecov-html (0.13.1)
    simplecov_json_formatter (0.1.4)
    stringio (3.1.2)
    warning (1.4.0)
    webmock (3.23.1)
      addressable (>= 2.8.0)
      crack (>= 0.3.2)
      hashdiff (>= 0.4.0, < 2.0.0)
    webrick (1.8.2)

PLATFORMS
  aarch64-linux
  x86_64-linux

DEPENDENCIES
  benchmark-ips (~> 2.8)
  benchmark-memory (< 0.2)
  byebug
  climate_control (~> 1.2.0)
  concurrent-ruby
  datadog!
  debug
  dogstatsd-ruby (>= 3.3.0, != 5.1.0, != 5.0.1, != 5.0.0)
  extlz4 (~> 0.3, >= 0.3.3)
  google-protobuf (~> 3.0, != 3.7.1, != 3.7.0)
  json-schema (< 3)
  memory_profiler (~> 0.9)
  os (~> 1.1)
  pry
  rack
  rack-contrib
  rack-test
  rake (>= 10.5)
  rake-compiler (~> 1.1, >= 1.1.1)
  rspec (~> 3.13)
  rspec-collection_matchers (~> 1.1)
  rspec-wait (~> 0)
  rspec_junit_formatter (>= 0.5.1)
  simplecov (~> 0.22.0)
  simplecov-cobertura (~> 2.1.0)
  warning (~> 1)
  webmock (>= 3.10.0)
  webrick (>= 1.7.0)

BUNDLED WITH
   2.5.21
