PATH
  remote: ..
  specs:
    ddtrace (0.50.0)
      ffi (~> 1.0)
      msgpack (< 1.4)

GEM
  remote: https://rubygems.org/
  specs:
    active_model_serializers (0.9.8)
      activemodel (>= 3.2)
      concurrent-ruby (~> 1.0)
    activemodel (3.2.22.5)
      activesupport (= 3.2.22.5)
      builder (~> 3.0.0)
    activerecord (3.2.22.5)
      activemodel (= 3.2.22.5)
      activesupport (= 3.2.22.5)
      arel (~> 3.0.2)
      tzinfo (~> 0.3.29)
    activerecord-mysql-adapter (0.0.1)
      activerecord (>= 3.2.9)
      activesupport (>= 3.2.9)
      mysql (>= 2.9.0)
    activesupport (3.2.22.5)
      i18n (~> 0.6, >= 0.6.4)
      multi_json (~> 1.0)
    addressable (2.4.0)
    appraisal (2.2.0)
      bundler
      rake
      thor (>= 0.14.0)
    arel (3.0.3)
    aws-eventstream (1.1.1)
    aws-sdk (2.11.632)
      aws-sdk-resources (= 2.11.632)
    aws-sdk-core (2.11.632)
      aws-sigv4 (~> 1.0)
      jmespath (~> 1.0)
    aws-sdk-resources (2.11.632)
      aws-sdk-core (= 2.11.632)
    aws-sigv4 (1.2.3)
      aws-eventstream (~> 1, >= 1.0.2)
    benchmark-ips (2.9.1)
    benchmark-memory (0.1.2)
      memory_profiler (~> 0.9)
    binding_of_caller (1.0.0)
      debug_inspector (>= 0.0.1)
    bson (4.5.0)
    builder (3.0.4)
    celluloid (0.17.4)
      celluloid-essentials
      celluloid-extras
      celluloid-fsm
      celluloid-pool
      celluloid-supervision
      timers (>= 4.1.1)
    celluloid-essentials (0.20.5)
      timers (>= 4.1.1)
    celluloid-extras (0.20.5)
      timers (>= 4.1.1)
    celluloid-fsm (0.20.5)
      timers (>= 4.1.1)
    celluloid-pool (0.20.5)
      timers (>= 4.1.1)
    celluloid-supervision (0.20.6)
      timers (>= 4.1.1)
    climate_control (0.2.0)
    coderay (1.1.3)
    concurrent-ruby (1.1.9)
    connection_pool (2.2.3)
    crack (0.4.5)
      rexml
    dalli (2.7.11)
    debug_inspector (1.1.0)
    delayed_job (4.1.9)
      activesupport (>= 3.0, < 6.2)
    delayed_job_active_record (4.1.6)
      activerecord (>= 3.0, < 6.2)
      delayed_job (>= 3.0, < 5)
    diff-lcs (1.4.4)
    digest-crc (0.6.3)
      rake (>= 12.0.0, < 14.0.0)
    docile (1.3.5)
    dogstatsd-ruby (4.8.3)
    domain_name (0.5.20190701)
      unf (>= 0.0.5, < 1.0.0)
    elasticsearch-transport (7.5.0)
      faraday (>= 0.14, < 1)
      multi_json
    ethon (0.12.0)
      ffi (>= 1.3.0)
    excon (0.83.0)
    faraday (0.17.4)
      multipart-post (>= 1.2, < 3)
    faraday_middleware (0.12.2)
      faraday (>= 0.7.4, < 1.0)
    ffi (1.12.2)
    google-protobuf (3.6.1)
    hashdiff (1.0.1)
    hiredis (0.6.3)
    hitimes (1.3.0)
    http (3.0.0)
      addressable (~> 2.3)
      http-cookie (~> 1.0)
      http-form_data (>= 2.0.0.pre.pre2, < 3)
      http_parser.rb (~> 0.6.0)
    http-accept (1.7.0)
    http-cookie (1.0.4)
      domain_name (~> 0.5)
    http-form_data (2.3.0)
    http_parser.rb (0.6.0)
    httpclient (2.8.3)
    i18n (0.9.5)
      concurrent-ruby (~> 1.0)
    jmespath (1.4.0)
    json (1.8.6)
    makara (0.4.1)
      activerecord (>= 3.0.0)
    memory_profiler (0.9.12)
    method_source (0.9.2)
    mime-types (3.3.1)
      mime-types-data (~> 3.2015)
    mime-types-data (3.2021.0704)
    minitest (5.10.1)
    minitest-around (0.5.0)
      minitest (~> 5.0)
    minitest-stub_any_instance (1.0.2)
    mongo (2.4.3)
      bson (>= 4.2.1, < 5.0.0)
    mono_logger (1.1.1)
    msgpack (1.3.3)
    multi_json (1.15.0)
    multipart-post (2.1.1)
    mysql (2.9.1)
    mysql2 (0.3.21)
    netrc (0.11.0)
    opentracing (0.5.0)
    os (1.1.1)
    pg (0.21.0)
    pimpmychangelog (0.1.3)
    presto-client (0.6.5)
      faraday (~> 0.12)
      faraday_middleware (~> 0.12.2)
      msgpack (>= 0.7.0)
    pry (0.12.2)
      coderay (~> 1.1.0)
      method_source (~> 0.9.0)
    pry-nav (0.3.0)
      pry (>= 0.9.10, < 0.13.0)
    pry-stack_explorer (0.4.9.3)
      binding_of_caller (>= 0.7)
      pry (>= 0.9.11)
    rack (1.4.7)
    rack-cache (1.7.1)
      rack (>= 0.4)
    rack-protection (1.5.5)
      rack
    rack-test (0.7.0)
      rack (>= 1.0, < 3)
    rake (12.2.1)
    redcarpet (3.5.1)
    redis (3.3.5)
    redis-namespace (1.6.0)
      redis (>= 3.0.4)
    resque (1.27.4)
      mono_logger (~> 1.0)
      multi_json (~> 1.0)
      redis-namespace (~> 1.3)
      sinatra (>= 0.9.2)
      vegas (~> 0.1.2)
    rest-client (2.1.0)
      http-accept (>= 1.7.0, < 2.0)
      http-cookie (>= 1.0.2, < 2.0)
      mime-types (>= 1.16, < 4.0)
      netrc (~> 0.8)
    rexml (3.2.4)
    rspec (3.10.0)
      rspec-core (~> 3.10.0)
      rspec-expectations (~> 3.10.0)
      rspec-mocks (~> 3.10.0)
    rspec-collection_matchers (1.2.0)
      rspec-expectations (>= 2.99.0.beta1)
    rspec-core (3.10.1)
      rspec-support (~> 3.10.0)
    rspec-expectations (3.10.1)
      diff-lcs (>= 1.2.0, < 2.0)
      rspec-support (~> 3.10.0)
    rspec-mocks (3.10.2)
      diff-lcs (>= 1.2.0, < 2.0)
      rspec-support (~> 3.10.0)
    rspec-support (3.10.2)
    rspec_junit_formatter (0.4.1)
      rspec-core (>= 2, < 4, != 2.12.0)
    ruby-kafka (1.3.0)
      digest-crc
    semantic_logger (4.2.0)
      concurrent-ruby (~> 1.0)
    sequel (4.36.0)
    shoryuken (5.2.2)
      aws-sdk-core (>= 2)
      concurrent-ruby
      thor
    sidekiq (3.5.4)
      celluloid (~> 0.17.2)
      connection_pool (~> 2.2, >= 2.2.0)
      json (~> 1.0)
      redis (~> 3.2, >= 3.2.1)
      redis-namespace (~> 1.5, >= 1.5.2)
    simplecov (0.17.1)
      docile (~> 1.1)
      json (>= 1.8, < 3)
      simplecov-html (~> 0.10.0)
    simplecov-html (0.10.2)
    sinatra (1.4.5)
      rack (~> 1.4)
      rack-protection (~> 1.4)
      tilt (~> 1.3, >= 1.3.4)
    sqlite3 (1.3.13)
    sucker_punch (3.0.1)
      concurrent-ruby (~> 1.0)
    thor (1.1.0)
    tilt (1.4.1)
    timers (4.1.2)
      hitimes
    typhoeus (1.4.0)
      ethon (>= 0.9.0)
    tzinfo (0.3.60)
    unf (0.1.4)
      unf_ext
    unf_ext (0.0.7.7)
    vegas (0.1.11)
      rack (>= 1.0.0)
    webmock (3.13.0)
      addressable (>= 2.3.6)
      crack (>= 0.3.2)
      hashdiff (>= 0.4.0, < 2.0.0)
    yard (0.9.26)

PLATFORMS
  ruby

DEPENDENCIES
  active_model_serializers (~> 0.9.0)
  activerecord (= 3.2.22.5)
  activerecord-mysql-adapter
  addressable (~> 2.4.0)
  appraisal (~> 2.2)
  aws-sdk (~> 2.0)
  benchmark-ips (~> 2.8)
  benchmark-memory (~> 0.1)
  builder
  climate_control (~> 0.2.0)
  concurrent-ruby
  dalli
  ddtrace!
  delayed_job
  delayed_job_active_record
  dogstatsd-ruby (>= 3.3.0, != 5.1.0, != 5.0.1, != 5.0.0)
  elasticsearch-transport
  ethon
  excon
  google-protobuf (~> 3.0, != 3.7.1, != 3.7.0)
  hiredis
  http
  httpclient
  makara (< 0.5.0)
  memory_profiler (~> 0.9)
  minitest (= 5.10.1)
  minitest-around (= 0.5.0)
  minitest-stub_any_instance (= 1.0.2)
  mongo (< 2.5)
  mysql2 (= 0.3.21)
  opentracing (>= 0.4.1)
  os (~> 1.1)
  pg (< 1.0)
  pimpmychangelog (>= 0.1.2)
  presto-client (>= 0.5.14)
  pry
  pry-nav
  pry-stack_explorer
  rack (= 1.4.7)
  rack-cache (= 1.7.1)
  rack-test (= 0.7.0)
  rake (< 12.3)
  redcarpet (~> 3.4)
  redis (< 4.0)
  resque (< 2.0)
  rest-client
  rexml (< 3.2.5)
  rspec (>= 3.0.0)
  rspec-collection_matchers (~> 1.1)
  rspec_junit_formatter (>= 0.4.1)
  ruby-kafka (>= 0.7.10)
  semantic_logger (~> 4.0)
  sequel (~> 4.0, < 4.37)
  shoryuken
  sidekiq (~> 3.5.4)
  simplecov (~> 0.17)
  sinatra (= 1.4.5)
  sqlite3 (~> 1.3.6)
  sucker_punch
  timers (< 4.2)
  typhoeus
  webmock (>= 3.10.0)
  yard (~> 0.9)

BUNDLED WITH
   1.17.3
