PATH
  remote: ..
  specs:
    datadog (2.40.0.dev)
      cgi
      datadog-ruby_core_source (~> 3.5, >= 3.5.3)
      libdatadog (~> 36.0.0.1.0)
      libddwaf (~> 1.30.0.0.0)
      logger
      msgpack

GEM
  remote: https://rubygems.org/
  specs:
    actioncable (6.1.7.8)
      actionpack (= 6.1.7.8)
      activesupport (= 6.1.7.8)
      nio4r (~> 2.0)
      websocket-driver (>= 0.6.1)
    actionmailbox (6.1.7.8)
      actionpack (= 6.1.7.8)
      activejob (= 6.1.7.8)
      activerecord (= 6.1.7.8)
      activestorage (= 6.1.7.8)
      activesupport (= 6.1.7.8)
      mail (>= 2.7.1)
    actionmailer (6.1.7.8)
      actionpack (= 6.1.7.8)
      actionview (= 6.1.7.8)
      activejob (= 6.1.7.8)
      activesupport (= 6.1.7.8)
      mail (~> 2.5, >= 2.5.4)
      rails-dom-testing (~> 2.0)
    actionpack (6.1.7.8)
      actionview (= 6.1.7.8)
      activesupport (= 6.1.7.8)
      rack (~> 2.0, >= 2.0.9)
      rack-test (>= 0.6.3)
      rails-dom-testing (~> 2.0)
      rails-html-sanitizer (~> 1.0, >= 1.2.0)
    actiontext (6.1.7.8)
      actionpack (= 6.1.7.8)
      activerecord (= 6.1.7.8)
      activestorage (= 6.1.7.8)
      activesupport (= 6.1.7.8)
      nokogiri (>= 1.8.5)
    actionview (6.1.7.8)
      activesupport (= 6.1.7.8)
      builder (~> 3.1)
      erubi (~> 1.4)
      rails-dom-testing (~> 2.0)
      rails-html-sanitizer (~> 1.1, >= 1.2.0)
    activejob (6.1.7.8)
      activesupport (= 6.1.7.8)
      globalid (>= 0.3.6)
    activemodel (6.1.7.8)
      activesupport (= 6.1.7.8)
    activerecord (6.1.7.8)
      activemodel (= 6.1.7.8)
      activesupport (= 6.1.7.8)
    activestorage (6.1.7.8)
      actionpack (= 6.1.7.8)
      activejob (= 6.1.7.8)
      activerecord (= 6.1.7.8)
      activesupport (= 6.1.7.8)
      marcel (~> 1.0)
      mini_mime (>= 1.1.0)
    activesupport (6.1.7.8)
      concurrent-ruby (~> 1.0, >= 1.0.2)
      i18n (>= 1.6, < 2)
      minitest (>= 5.1)
      tzinfo (~> 2.0)
      zeitwerk (~> 2.3)
    addressable (2.9.0)
      public_suffix (>= 2.0.2, < 8.0)
    base64 (0.3.0)
    benchmark-ips (2.15.1)
    benchmark-memory (0.1.2)
      memory_profiler (~> 0.9)
    bigdecimal (4.1.2)
    builder (3.3.0)
    byebug (13.0.0)
      reline (>= 0.6.0)
    cgi (0.5.2)
    climate_control (1.2.0)
    coderay (1.1.3)
    concurrent-ruby (1.3.7)
    crack (1.0.1)
      bigdecimal
      rexml
    crass (1.0.6)
    datadog-ruby_core_source (3.5.3)
    date (3.5.1)
    debug (1.11.1)
      irb (~> 1.10)
      reline (>= 0.3.8)
    diff-lcs (1.6.2)
    docile (1.4.1)
    dogstatsd-ruby (5.7.1)
    erb (6.0.5)
    erubi (1.13.0)
    ffi (1.17.4-aarch64-linux-gnu)
    ffi (1.17.4-arm64-darwin)
    ffi (1.17.4-x86_64-darwin)
    ffi (1.17.4-x86_64-linux-gnu)
    globalid (1.2.1)
      activesupport (>= 6.1)
    google-protobuf (3.25.8)
    graphql (2.3.7)
      base64
    hashdiff (1.2.1)
    i18n (1.14.5)
      concurrent-ruby (~> 1.0)
    io-console (0.8.2)
    irb (1.18.0)
      pp (>= 0.6.0)
      prism (>= 1.3.0)
      rdoc (>= 4.0.0)
      reline (>= 0.4.2)
    json-schema (6.2.0)
      addressable (~> 2.8)
      bigdecimal (>= 3.1, < 5)
    libdatadog (36.0.0.1.0)
    libdatadog (36.0.0.1.0-aarch64-linux)
    libdatadog (36.0.0.1.0-arm64-darwin)
    libdatadog (36.0.0.1.0-x86_64-linux)
    libddwaf (1.30.0.0.2-aarch64-linux)
      ffi (~> 1.0)
    libddwaf (1.30.0.0.2-arm64-darwin)
      ffi (~> 1.0)
    libddwaf (1.30.0.0.2-x86_64-darwin)
      ffi (~> 1.0)
    libddwaf (1.30.0.0.2-x86_64-linux)
      ffi (~> 1.0)
    logger (1.7.0)
    lograge (0.14.0)
      actionpack (>= 4)
      activesupport (>= 4)
      railties (>= 4)
      request_store (~> 1.0)
    loofah (2.22.0)
      crass (~> 1.0.2)
      nokogiri (>= 1.12.0)
    mail (2.8.1)
      mini_mime (>= 0.1.1)
      net-imap
      net-pop
      net-smtp
    marcel (1.0.4)
    memory_profiler (0.9.14)
    method_source (1.1.0)
    mini_mime (1.1.5)
    minitest (5.24.1)
    msgpack (1.8.3)
    mutex_m (0.3.0)
    net-imap (0.4.14)
      date
      net-protocol
    net-pop (0.1.2)
      net-protocol
    net-protocol (0.2.2)
      timeout
    net-smtp (0.5.0)
      net-protocol
    nio4r (2.7.3)
    nokogiri (1.19.4-aarch64-linux-gnu)
      racc (~> 1.4)
    nokogiri (1.19.4-arm64-darwin)
      racc (~> 1.4)
    nokogiri (1.19.4-x86_64-darwin)
      racc (~> 1.4)
    nokogiri (1.19.4-x86_64-linux-gnu)
      racc (~> 1.4)
    os (1.1.4)
    ostruct (0.6.3)
    pp (0.6.4)
      prettyprint
    prettyprint (0.2.0)
    prism (1.9.0)
    pry (0.16.0)
      coderay (~> 1.1)
      method_source (~> 1.0)
      reline (>= 0.6.0)
    public_suffix (7.0.5)
    racc (1.8.1)
    rack (2.2.9)
    rack-test (2.1.0)
      rack (>= 1.3)
    rails (6.1.7.8)
      actioncable (= 6.1.7.8)
      actionmailbox (= 6.1.7.8)
      actionmailer (= 6.1.7.8)
      actionpack (= 6.1.7.8)
      actiontext (= 6.1.7.8)
      actionview (= 6.1.7.8)
      activejob (= 6.1.7.8)
      activemodel (= 6.1.7.8)
      activerecord (= 6.1.7.8)
      activestorage (= 6.1.7.8)
      activesupport (= 6.1.7.8)
      bundler (>= 1.15.0)
      railties (= 6.1.7.8)
      sprockets-rails (>= 2.0.0)
    rails-dom-testing (2.2.0)
      activesupport (>= 5.0.0)
      minitest
      nokogiri (>= 1.6)
    rails-html-sanitizer (1.6.0)
      loofah (~> 2.21)
      nokogiri (~> 1.14)
    railties (6.1.7.8)
      actionpack (= 6.1.7.8)
      activesupport (= 6.1.7.8)
      method_source
      rake (>= 12.2)
      thor (~> 1.0)
    rake (13.4.2)
    rake-compiler (1.3.1)
      rake
    rbs (4.0.3)
      logger
      prism (>= 1.6.0)
      tsort
    rdoc (8.0.0)
      erb
      prism (>= 1.6.0)
      rbs (>= 4.0.0)
      tsort
    reline (0.6.3)
      io-console (~> 0.5)
    request_store (1.7.0)
      rack (>= 1.4)
    rexml (3.4.4)
    rspec (3.13.2)
      rspec-core (~> 3.13.0)
      rspec-expectations (~> 3.13.0)
      rspec-mocks (~> 3.13.0)
    rspec-collection_matchers (1.2.1)
      rspec-expectations (>= 2.99.0.beta1)
    rspec-core (3.13.6)
      rspec-support (~> 3.13.0)
    rspec-expectations (3.13.5)
      diff-lcs (>= 1.2.0, < 2.0)
      rspec-support (~> 3.13.0)
    rspec-mocks (3.13.8)
      diff-lcs (>= 1.2.0, < 2.0)
      rspec-support (~> 3.13.0)
    rspec-support (3.13.7)
    rspec-wait (0.0.10)
      rspec (>= 3.0)
    rspec_junit_formatter (0.6.0)
      rspec-core (>= 2, < 4, != 2.12.0)
    simplecov (0.22.0)
      docile (~> 1.1)
      simplecov-html (~> 0.11)
      simplecov_json_formatter (~> 0.1)
    simplecov-html (0.13.2)
    simplecov_json_formatter (0.1.4)
    sprockets (3.7.3)
      base64
      concurrent-ruby (~> 1.0)
      rack (> 1, < 3)
    sprockets-rails (3.5.1)
      actionpack (>= 6.1)
      activesupport (>= 6.1)
      sprockets (>= 3.0.0)
    thor (1.5.0)
    timeout (0.4.1)
    tsort (0.2.0)
    tzinfo (2.0.6)
      concurrent-ruby (~> 1.0)
    warning (1.6.0)
    webmock (3.26.2)
      addressable (>= 2.8.0)
      crack (>= 0.3.2)
      hashdiff (>= 0.4.0, < 2.0.0)
    webrick (1.9.2)
    websocket-driver (0.7.6)
      websocket-extensions (>= 0.1.0)
    websocket-extensions (0.1.5)
    zeitwerk (2.6.16)
    zstd-ruby (2.0.6)

PLATFORMS
  aarch64-linux
  arm64-darwin
  x86_64-darwin
  x86_64-linux

DEPENDENCIES
  base64
  benchmark-ips (~> 2.8)
  benchmark-memory (< 0.2)
  bigdecimal
  byebug
  climate_control (~> 1.2.0)
  concurrent-ruby
  datadog!
  debug
  dogstatsd-ruby (>= 3.3.0, != 5.1.0, != 5.0.1, != 5.0.0)
  google-protobuf (~> 3.0, != 3.7.1, != 3.7.0)
  graphql (~> 2.3.0)
  json-schema (~> 6.2)
  lograge (~> 0.11)
  memory_profiler (~> 0.9)
  mutex_m (>= 0.1.0)
  os (~> 1.1)
  ostruct
  pry
  rails (~> 6.1.0)
  rake (>= 10.5)
  rake-compiler (~> 1.1, >= 1.1.1)
  rspec (~> 3.13)
  rspec-collection_matchers (~> 1.1)
  rspec-wait (~> 0)
  rspec_junit_formatter (>= 0.5.1)
  simplecov (~> 0.22.0)
  sprockets (< 4)
  warning (~> 1)
  webmock (>= 3.10.0)
  webrick (>= 1.8.2)
  zstd-ruby

CHECKSUMS
  actioncable (6.1.7.8) sha256=2d39334cbbf34464e34572b7a817bedefd0cac445881ed91c1291ae9ba2ebcbf
  actionmailbox (6.1.7.8) sha256=c04af56f3751839a27e4c903f9daf48511ba5d2f981ca27b958f74baffc3ce09
  actionmailer (6.1.7.8) sha256=3aa947f3e0325d3be1aad96423a4a0f95c04f9180c5ce159ed29ea150d889745
  actionpack (6.1.7.8) sha256=fcb09de3c4fa9df2f96f9dd5fbbaeeb9ec69c0415c9ddbd0eb7bdd5307d293de
  actiontext (6.1.7.8) sha256=7daee85e5740b3a59cca5891dd5f936b6b4f2e4a2d3f5d32946b76f02c4822ce
  actionview (6.1.7.8) sha256=e09d8b9d46ff63b67b7cba7c149c0c7446ef3f36041a46c0a43def9cd5e1b199
  activejob (6.1.7.8) sha256=e1e876662f41988a8068afaccd48b4341ca32ec5f8242fb5d914fbb59f1e291b
  activemodel (6.1.7.8) sha256=d8225d7ff4c7d91f4396e583bcd59cf4020a7678297679c02c2af374c915a68c
  activerecord (6.1.7.8) sha256=37e12a89090eebbc0b9bdde8c76a578b2c31a5f023895b70810fb64052f51674
  activestorage (6.1.7.8) sha256=075665cc92c96fe7a589063401f8225182149dde3e3ce45b58ed826777c8db44
  activesupport (6.1.7.8) sha256=3e9353d87b521224fa3f71593de351a54b56b5065e838a91419e98e3b6577926
  addressable (2.9.0) sha256=7fdf6ac3660f7f4e867a0838be3f6cf722ace541dd97767fa42bc6cfa980c7af
  base64 (0.3.0) sha256=27337aeabad6ffae05c265c450490628ef3ebd4b67be58257393227588f5a97b
  benchmark-ips (2.15.1) sha256=07a1a9f3c6105ecaf68c174fc3fbcddd71a0e9ada6236ae03093a0dcfd812d59
  benchmark-memory (0.1.2) sha256=aa7bfe6776174d0ddefe6fb39945d88fff6d76eac165690188391d9acd441c87
  bigdecimal (4.1.2) sha256=53d217666027eab4280346fba98e7d5b66baaae1b9c3c1c0ffe89d48188a3fbd
  builder (3.3.0) sha256=497918d2f9dca528fdca4b88d84e4ef4387256d984b8154e9d5d3fe5a9c8835f
  byebug (13.0.0) sha256=d2263efe751941ca520fa29744b71972d39cbc41839496706f5d9b22e92ae05d
  cgi (0.5.2) sha256=61ca30298171190fd4fa0d8018e57ada456eae9b7a2b78526debf7f0a0e6f8bb
  climate_control (1.2.0) sha256=36b21896193fa8c8536fa1cd843a07cf8ddbd03aaba43665e26c53ec1bd70aa5
  coderay (1.1.3) sha256=dc530018a4684512f8f38143cd2a096c9f02a1fc2459edcfe534787a7fc77d4b
  concurrent-ruby (1.3.7) sha256=4412caec3a5ea2e5fdc52076724c071a81f2c0593d83b2ac8cbb8ca63b3151b0
  crack (1.0.1) sha256=ff4a10390cd31d66440b7524eb1841874db86201d5b70032028553130b6d4c7e
  crass (1.0.6) sha256=dc516022a56e7b3b156099abc81b6d2b08ea1ed12676ac7a5657617f012bd45d
  datadog (2.40.0.dev)
  datadog-ruby_core_source (3.5.3) sha256=5636592e73664c6c1efedf6645f2a882c4d04902088f847f6a5ddb765340cc9b
  date (3.5.1) sha256=750d06384d7b9c15d562c76291407d89e368dda4d4fff957eb94962d325a0dc0
  debug (1.11.1) sha256=2e0b0ac6119f2207a6f8ac7d4a73ca8eb4e440f64da0a3136c30343146e952b6
  diff-lcs (1.6.2) sha256=9ae0d2cba7d4df3075fe8cd8602a8604993efc0dfa934cff568969efb1909962
  docile (1.4.1) sha256=96159be799bfa73cdb721b840e9802126e4e03dfc26863db73647204c727f21e
  dogstatsd-ruby (5.7.1) sha256=d2e211f9635d6bbe773e152e00fd4cb9f165d26e10356dbef8f917f7a9e5d58c
  erb (6.0.5) sha256=858e63488cb796c9daba8b6e9ff4b3879c395022049be9a66a8e00980e612eac
  erubi (1.13.0) sha256=fca61b47daefd865d0fb50d168634f27ad40181867445badf6427c459c33cd62
  ffi (1.17.4-aarch64-linux-gnu) sha256=b208f06f91ffd8f5e1193da3cae3d2ccfc27fc36fba577baf698d26d91c080df
  ffi (1.17.4-arm64-darwin) sha256=19071aaf1419251b0a46852abf960e77330a3b334d13a4ab51d58b31a937001b
  ffi (1.17.4-x86_64-darwin) sha256=aa70390523cf3235096cf64962b709b4cfbd5c082a2cb2ae714eb0fe2ccda496
  ffi (1.17.4-x86_64-linux-gnu) sha256=9d3db14c2eae074b382fa9c083fe95aec6e0a1451da249eab096c34002bc752d
  globalid (1.2.1) sha256=70bf76711871f843dbba72beb8613229a49429d1866828476f9c9d6ccc327ce9
  google-protobuf (3.25.8) sha256=102c8500502e224a5daa7447bdd2c458a25a6c7b0bf5d8496a559ada131952b7
  graphql (2.3.7) sha256=99dfc2b630e2e6d5d8b7d329a2184bb037e1774ec25b33acf213e0159184d88e
  hashdiff (1.2.1) sha256=9c079dbc513dfc8833ab59c0c2d8f230fa28499cc5efb4b8dd276cf931457cd1
  i18n (1.14.5) sha256=26dcbc05e364b57e27ab430148b3377bc413987d34cc042336271d8f42e9d1b9
  io-console (0.8.2) sha256=d6e3ae7a7cc7574f4b8893b4fca2162e57a825b223a177b7afa236c5ef9814cc
  irb (1.18.0) sha256=de9454a0703a54704b9811a5ef31a60c86949fbf4013fcf244fabc7c775248e3
  json-schema (6.2.0) sha256=e8bff46ed845a22c1ab2bd0d7eccf831c01fe23bb3920caa4c74db4306813666
  libdatadog (36.0.0.1.0) sha256=664f53cff1d1362d46d0043e8cb610dc0bbf65e51e0358344733ac12e851126c
  libdatadog (36.0.0.1.0-aarch64-linux) sha256=104cb5264f1b7b592d03d84e09da4615506b8e7567eb7edf52cdbb8ec8a17778
  libdatadog (36.0.0.1.0-arm64-darwin) sha256=8fec056fc39674da51946776c7f59fafe32db2fc2939843a09d79b199494d655
  libdatadog (36.0.0.1.0-x86_64-linux) sha256=08bdbd2dd66195f9f208984434e51871b26075b9d1ca75eac8e8eb22f9c6ccc6
  libddwaf (1.30.0.0.2-aarch64-linux) sha256=f4d8498cce66cb30d81f46bb046b11c3a2202e21ca73c9edb80c3a37939a3dc2
  libddwaf (1.30.0.0.2-arm64-darwin) sha256=cbbec7eee8fe7dbdc6c11bf1429fcfc217fad84e822fc6f252cb1c45daf663cc
  libddwaf (1.30.0.0.2-x86_64-darwin) sha256=3fb97292a9e6eb4b50d48ed0805c48278a261744ce6944e0ded73144a0395060
  libddwaf (1.30.0.0.2-x86_64-linux) sha256=d6f628bfb91a7f89a4ef702c3fce3991ec0678c50031128b70799fde8362111d
  logger (1.7.0) sha256=196edec7cc44b66cfb40f9755ce11b392f21f7967696af15d274dde7edff0203
  lograge (0.14.0) sha256=42371a75823775f166f727639f5ddce73dd149452a55fc94b90c303213dc9ae1
  loofah (2.22.0) sha256=10d76e070c86b12fec74b6a9515fd1940f4459198b991342d0a7897d86c372fe
  mail (2.8.1) sha256=ec3b9fadcf2b3755c78785cb17bc9a0ca9ee9857108a64b6f5cfc9c0b5bfc9ad
  marcel (1.0.4) sha256=0d5649feb64b8f19f3d3468b96c680bae9746335d02194270287868a661516a4
  memory_profiler (0.9.14) sha256=de558cf6525d8d56d2c0ea465b1664517fbe45560f892dc7a898d3b8c2863b12
  method_source (1.1.0) sha256=181301c9c45b731b4769bc81e8860e72f9161ad7d66dd99103c9ab84f560f5c5
  mini_mime (1.1.5) sha256=8681b7e2e4215f2a159f9400b5816d85e9d8c6c6b491e96a12797e798f8bccef
  minitest (5.24.1) sha256=31ec31ac9088d9e21fcc5a5487912234de83966f24368241b2bef03d7012464a
  msgpack (1.8.3) sha256=8bda4a6428d3244e50d6bd55854d354edbada88a4e1f4f5731a39a0f86bee6a1
  mutex_m (0.3.0) sha256=cfcb04ac16b69c4813777022fdceda24e9f798e48092a2b817eb4c0a782b0751
  net-imap (0.4.14) sha256=a2184b3f09a4f7ca27998d113fd6df8cd0dd56b91e5bf0d6387b8350bb438065
  net-pop (0.1.2) sha256=848b4e982013c15b2f0382792268763b748cce91c9e91e36b0f27ed26420dff3
  net-protocol (0.2.2) sha256=aa73e0cba6a125369de9837b8d8ef82a61849360eba0521900e2c3713aa162a8
  net-smtp (0.5.0) sha256=5fc0415e6ea1cc0b3dfea7270438ec22b278ca8d524986a3ae4e5ae8d087b42a
  nio4r (2.7.3) sha256=54b94cdd4b8f9dc39aaad5f699e97afae13efb44f2b180a6e724df76105ff604
  nokogiri (1.19.4-aarch64-linux-gnu) sha256=1269fb644a6de405057a53dd5c762b1209b43ca7424f839454d3dbc677c31a8f
  nokogiri (1.19.4-arm64-darwin) sha256=a46db9853286e6597b36ebc6953817d15acf3a299583eb3f89fdc6f91dd63527
  nokogiri (1.19.4-x86_64-darwin) sha256=7fd17057d3e1f00e9954a74b3cd76595d3d4a5ef233b7ed9599047c204f70551
  nokogiri (1.19.4-x86_64-linux-gnu) sha256=379fae440b28915e3f19d752ce2dcf8465ed2b2fbefd2a7ca0dd497bc981a06a
  os (1.1.4) sha256=57816d6a334e7bd6aed048f4b0308226c5fb027433b67d90a9ab435f35108d3f
  ostruct (0.6.3) sha256=95a2ed4a4bd1d190784e666b47b2d3f078e4a9efda2fccf18f84ddc6538ed912
  pp (0.6.4) sha256=dfcb0fce700c41456265922884f9fe195d7fbb0674a3578e6c0f69588e82b570
  prettyprint (0.2.0) sha256=2bc9e15581a94742064a3cc8b0fb9d45aae3d03a1baa6ef80922627a0766f193
  prism (1.9.0) sha256=7b530c6a9f92c24300014919c9dcbc055bf4cdf51ec30aed099b06cd6674ef85
  pry (0.16.0) sha256=d76c69065698ed1f85e717bd33d7942c38a50868f6b0673c636192b3d1b6054e
  public_suffix (7.0.5) sha256=1a8bb08f1bbea19228d3bed6e5ed908d1cb4f7c2726d18bd9cadf60bc676f623
  racc (1.8.1) sha256=4a7f6929691dbec8b5209a0b373bc2614882b55fc5d2e447a21aaa691303d62f
  rack (2.2.9) sha256=fd6301a97a1c1e955e68f85c861fcb1cde6145a32c532e1ea321a72ff8cc4042
  rack-test (2.1.0) sha256=0c61fc61904049d691922ea4bb99e28004ed3f43aa5cfd495024cc345f125dfb
  rails (6.1.7.8) sha256=412c094da9e1a8435c03d5e8c43da2ddf90f52fee6df8aa7633e00ee4ed64432
  rails-dom-testing (2.2.0) sha256=e515712e48df1f687a1d7c380fd7b07b8558faa26464474da64183a7426fa93b
  rails-html-sanitizer (1.6.0) sha256=86e9f19d2e6748890dcc2633c8945ca45baa08a1df9d8c215ce17b3b0afaa4de
  railties (6.1.7.8) sha256=8b7ad9846eb6999f6078bd6ef56bed7c854a47302b8f827568a576aad6f16612
  rake (13.4.2) sha256=cb825b2bd5f1f8e91ca37bddb4b9aaf345551b4731da62949be002fa89283701
  rake-compiler (1.3.1) sha256=6b351612b6e2d73ddd5563ee799bb58685176e05363db6758504bd11573d670a
  rbs (4.0.3) sha256=5a7bf70e2628549d9a1f44eae447b2cfe55968a9c60cfff52693a4bdcc020e14
  rdoc (8.0.0) sha256=03bf8c08a9639658855a0cfd77c0abca8325c227693f7f33f82957811348c469
  reline (0.6.3) sha256=1198b04973565b36ec0f11542ab3f5cfeeec34823f4e54cebde90968092b1835
  request_store (1.7.0) sha256=e1b75d5346a315f452242a68c937ef8e48b215b9453a77a6c0acdca2934c88cb
  rexml (3.4.4) sha256=19e0a2c3425dfbf2d4fc1189747bdb2f849b6c5e74180401b15734bc97b5d142
  rspec (3.13.2) sha256=206284a08ad798e61f86d7ca3e376718d52c0bc944626b2349266f239f820587
  rspec-collection_matchers (1.2.1) sha256=ff7626d2bbf16ac237fbb46439694c78b7d9c6dc49c4b216df437968133b56a2
  rspec-core (3.13.6) sha256=a8823c6411667b60a8bca135364351dda34cd55e44ff94c4be4633b37d828b2d
  rspec-expectations (3.13.5) sha256=33a4d3a1d95060aea4c94e9f237030a8f9eae5615e9bd85718fe3a09e4b58836
  rspec-mocks (3.13.8) sha256=086ad3d3d17533f4237643de0b5c42f04b66348c28bf6b9c2d3f4a3b01af1d47
  rspec-support (3.13.7) sha256=0640e5570872aafefd79867901deeeeb40b0c9875a36b983d85f54fb7381c47c
  rspec-wait (0.0.10) sha256=092d2ec9fa6bf4afa2119647024c78bc13ef658fe660c9e1e04ad1bf52d1f4b2
  rspec_junit_formatter (0.6.0) sha256=40dde674e6ae4e6cc0ff560da25497677e34fefd2338cc467a8972f602b62b15
  simplecov (0.22.0) sha256=fe2622c7834ff23b98066bb0a854284b2729a569ac659f82621fc22ef36213a5
  simplecov-html (0.13.2) sha256=bd0b8e54e7c2d7685927e8d6286466359b6f16b18cb0df47b508e8d73c777246
  simplecov_json_formatter (0.1.4) sha256=529418fbe8de1713ac2b2d612aa3daa56d316975d307244399fa4838c601b428
  sprockets (3.7.3) sha256=dcda152805b432eb2827c394b938b7e15ba2722f8a5c9f58b79a2a4f7a35cc53
  sprockets-rails (3.5.1) sha256=c44626cb3887a1a8b572ca258685db33b4ebd041aa73428a716eac444ee5ef48
  thor (1.5.0) sha256=e3a9e55fe857e44859ce104a84675ab6e8cd59c650a49106a05f55f136425e73
  timeout (0.4.1) sha256=6f1f4edd4bca28cffa59501733a94215407c6960bd2107331f0280d4abdebb9a
  tsort (0.2.0) sha256=9650a793f6859a43b6641671278f79cfead60ac714148aabe4e3f0060480089f
  tzinfo (2.0.6) sha256=8daf828cc77bcf7d63b0e3bdb6caa47e2272dcfaf4fbfe46f8c3a9df087a829b
  warning (1.6.0) sha256=a49cdfae19fb77d19afff2efbe45f8ab759e9cd25b4e4ce2c79dbaf46bdb6c9e
  webmock (3.26.2) sha256=774556f2ea6371846cca68c01769b2eac0d134492d21f6d0ab5dd643965a4c90
  webrick (1.9.2) sha256=beb4a15fc474defed24a3bda4ffd88a490d517c9e4e6118c3edce59e45864131
  websocket-driver (0.7.6) sha256=f69400be7bc197879726ad8e6f5869a61823147372fd8928836a53c2c741d0db
  websocket-extensions (0.1.5) sha256=1c6ba63092cda343eb53fc657110c71c754c56484aad42578495227d717a8241
  zeitwerk (2.6.16) sha256=17df48537f09a937804f79bd9a92817da3b199e268634972d0e98a21ca588e21
  zstd-ruby (2.0.6) sha256=4d57faa75a11ed5db551fb8befe5bb508046518be1898a91a5d9ddf782f146de

BUNDLED WITH
  4.0.16
