PATH
  remote: ..
  specs:
    datadog (2.40.0.dev)
      cgi
      datadog-ruby_core_source (~> 3.5, >= 3.5.3)
      libdatadog (~> 36.0.0.1.0)
      libddwaf (~> 1.30.0.0.0)
      logger
      msgpack

GEM
  remote: https://rubygems.org/
  specs:
    addressable (2.9.0)
      public_suffix (>= 2.0.2, < 8.0)
    benchmark-ips (2.15.1)
    benchmark-memory (0.1.2)
      memory_profiler (~> 0.9)
    bigdecimal (4.1.2)
    byebug (12.0.0)
    cgi (0.5.2)
    climate_control (1.2.0)
    coderay (1.1.3)
    concurrent-ruby (1.3.7)
    crack (1.0.1)
      bigdecimal
      rexml
    datadog-ruby_core_source (3.5.3)
    date (3.5.1)
    debug (1.11.1)
      irb (~> 1.10)
      reline (>= 0.3.8)
    diff-lcs (1.6.2)
    docile (1.4.1)
    dogstatsd-ruby (5.7.1)
    erb (4.0.4.1)
      cgi (>= 0.3.3)
    ffi (1.17.4-aarch64-linux-gnu)
    ffi (1.17.4-arm64-darwin)
    ffi (1.17.4-x86_64-darwin)
    ffi (1.17.4-x86_64-linux-gnu)
    google-protobuf (3.25.8-aarch64-linux)
    google-protobuf (3.25.8-arm64-darwin)
    google-protobuf (3.25.8-x86_64-darwin)
    google-protobuf (3.25.8-x86_64-linux)
    hashdiff (1.2.1)
    io-console (0.8.2)
    irb (1.18.0)
      pp (>= 0.6.0)
      prism (>= 1.3.0)
      rdoc (>= 4.0.0)
      reline (>= 0.4.2)
    json-schema (6.2.0)
      addressable (~> 2.8)
      bigdecimal (>= 3.1, < 5)
    libdatadog (36.0.0.1.0)
    libdatadog (36.0.0.1.0-aarch64-linux)
    libdatadog (36.0.0.1.0-arm64-darwin)
    libdatadog (36.0.0.1.0-x86_64-linux)
    libddwaf (1.30.0.0.2-aarch64-linux)
      ffi (~> 1.0)
    libddwaf (1.30.0.0.2-arm64-darwin)
      ffi (~> 1.0)
    libddwaf (1.30.0.0.2-x86_64-darwin)
      ffi (~> 1.0)
    libddwaf (1.30.0.0.2-x86_64-linux)
      ffi (~> 1.0)
    logger (1.7.0)
    memory_profiler (0.9.14)
    method_source (1.1.0)
    msgpack (1.8.3)
    os (1.1.4)
    pp (0.6.4)
      prettyprint
    prettyprint (0.2.0)
    prism (1.9.0)
    pry (0.16.0)
      coderay (~> 1.1)
      method_source (~> 1.0)
      reline (>= 0.6.0)
    psych (5.4.0)
      date
      stringio
    public_suffix (6.0.2)
    rack (2.2.23)
    rack-contrib (2.3.0)
      rack (~> 2.0)
    rack-test (2.1.0)
      rack (>= 1.3)
    rake (13.4.2)
    rake-compiler (1.3.1)
      rake
    rdoc (7.2.0)
      erb
      psych (>= 4.0.0)
      tsort
    reline (0.6.3)
      io-console (~> 0.5)
    rexml (3.4.4)
    rspec (3.13.2)
      rspec-core (~> 3.13.0)
      rspec-expectations (~> 3.13.0)
      rspec-mocks (~> 3.13.0)
    rspec-collection_matchers (1.2.1)
      rspec-expectations (>= 2.99.0.beta1)
    rspec-core (3.13.6)
      rspec-support (~> 3.13.0)
    rspec-expectations (3.13.5)
      diff-lcs (>= 1.2.0, < 2.0)
      rspec-support (~> 3.13.0)
    rspec-mocks (3.13.8)
      diff-lcs (>= 1.2.0, < 2.0)
      rspec-support (~> 3.13.0)
    rspec-support (3.13.7)
    rspec-wait (0.0.10)
      rspec (>= 3.0)
    rspec_junit_formatter (0.6.0)
      rspec-core (>= 2, < 4, != 2.12.0)
    simplecov (0.22.0)
      docile (~> 1.1)
      simplecov-html (~> 0.11)
      simplecov_json_formatter (~> 0.1)
    simplecov-html (0.13.2)
    simplecov_json_formatter (0.1.4)
    stringio (3.2.0)
    tsort (0.2.0)
    warning (1.6.0)
    webmock (3.26.2)
      addressable (>= 2.8.0)
      crack (>= 0.3.2)
      hashdiff (>= 0.4.0, < 2.0.0)
    webrick (1.9.2)
    zstd-ruby (2.0.6)

PLATFORMS
  aarch64-linux
  arm64-darwin
  x86_64-darwin
  x86_64-linux

DEPENDENCIES
  benchmark-ips (~> 2.8)
  benchmark-memory (< 0.2)
  byebug
  climate_control (~> 1.2.0)
  concurrent-ruby
  datadog!
  debug
  dogstatsd-ruby (>= 3.3.0, != 5.1.0, != 5.0.1, != 5.0.0)
  google-protobuf (~> 3.0, != 3.7.1, != 3.7.0)
  json-schema (~> 6.2)
  memory_profiler (~> 0.9)
  os (~> 1.1)
  pry
  rack (~> 2)
  rack-contrib
  rack-test
  rake (>= 10.5)
  rake-compiler (~> 1.1, >= 1.1.1)
  rspec (~> 3.13)
  rspec-collection_matchers (~> 1.1)
  rspec-wait (~> 0)
  rspec_junit_formatter (>= 0.5.1)
  simplecov (~> 0.22.0)
  warning (~> 1)
  webmock (>= 3.10.0)
  webrick (>= 1.7.0)
  zstd-ruby

CHECKSUMS
  addressable (2.9.0) sha256=7fdf6ac3660f7f4e867a0838be3f6cf722ace541dd97767fa42bc6cfa980c7af
  benchmark-ips (2.15.1) sha256=07a1a9f3c6105ecaf68c174fc3fbcddd71a0e9ada6236ae03093a0dcfd812d59
  benchmark-memory (0.1.2) sha256=aa7bfe6776174d0ddefe6fb39945d88fff6d76eac165690188391d9acd441c87
  bigdecimal (4.1.2) sha256=53d217666027eab4280346fba98e7d5b66baaae1b9c3c1c0ffe89d48188a3fbd
  byebug (12.0.0) sha256=d4a150d291cca40b66ec9ca31f754e93fed8aa266a17335f71bb0afa7fca1a1e
  cgi (0.5.2) sha256=61ca30298171190fd4fa0d8018e57ada456eae9b7a2b78526debf7f0a0e6f8bb
  climate_control (1.2.0) sha256=36b21896193fa8c8536fa1cd843a07cf8ddbd03aaba43665e26c53ec1bd70aa5
  coderay (1.1.3) sha256=dc530018a4684512f8f38143cd2a096c9f02a1fc2459edcfe534787a7fc77d4b
  concurrent-ruby (1.3.7) sha256=4412caec3a5ea2e5fdc52076724c071a81f2c0593d83b2ac8cbb8ca63b3151b0
  crack (1.0.1) sha256=ff4a10390cd31d66440b7524eb1841874db86201d5b70032028553130b6d4c7e
  datadog (2.40.0.dev)
  datadog-ruby_core_source (3.5.3) sha256=5636592e73664c6c1efedf6645f2a882c4d04902088f847f6a5ddb765340cc9b
  date (3.5.1) sha256=750d06384d7b9c15d562c76291407d89e368dda4d4fff957eb94962d325a0dc0
  debug (1.11.1) sha256=2e0b0ac6119f2207a6f8ac7d4a73ca8eb4e440f64da0a3136c30343146e952b6
  diff-lcs (1.6.2) sha256=9ae0d2cba7d4df3075fe8cd8602a8604993efc0dfa934cff568969efb1909962
  docile (1.4.1) sha256=96159be799bfa73cdb721b840e9802126e4e03dfc26863db73647204c727f21e
  dogstatsd-ruby (5.7.1) sha256=d2e211f9635d6bbe773e152e00fd4cb9f165d26e10356dbef8f917f7a9e5d58c
  erb (4.0.4.1) sha256=47e2a70922ba4cec8c23c2304ad7e581665c37a297cb9a22a860162c7727ee24
  ffi (1.17.4-aarch64-linux-gnu) sha256=b208f06f91ffd8f5e1193da3cae3d2ccfc27fc36fba577baf698d26d91c080df
  ffi (1.17.4-arm64-darwin) sha256=19071aaf1419251b0a46852abf960e77330a3b334d13a4ab51d58b31a937001b
  ffi (1.17.4-x86_64-darwin) sha256=aa70390523cf3235096cf64962b709b4cfbd5c082a2cb2ae714eb0fe2ccda496
  ffi (1.17.4-x86_64-linux-gnu) sha256=9d3db14c2eae074b382fa9c083fe95aec6e0a1451da249eab096c34002bc752d
  google-protobuf (3.25.8-aarch64-linux) sha256=5869d1a31f39ee3361e85f3ef3db0512c19f0e0c75cd69d7303c177e17590044
  google-protobuf (3.25.8-arm64-darwin) sha256=e294affc4fb25c8bc7edd264f0ba490d42dce3afff08db1e08fb7bb44cc57488
  google-protobuf (3.25.8-x86_64-darwin) sha256=9c9e8c1c760eeb314fd6bcba1b0fb1e64c473fc9e2040c8992df61874974c108
  google-protobuf (3.25.8-x86_64-linux) sha256=07783d910635e2a60eaf929fe3e45ea4d657d023be3816bda99a21c14f7be959
  hashdiff (1.2.1) sha256=9c079dbc513dfc8833ab59c0c2d8f230fa28499cc5efb4b8dd276cf931457cd1
  io-console (0.8.2) sha256=d6e3ae7a7cc7574f4b8893b4fca2162e57a825b223a177b7afa236c5ef9814cc
  irb (1.18.0) sha256=de9454a0703a54704b9811a5ef31a60c86949fbf4013fcf244fabc7c775248e3
  json-schema (6.2.0) sha256=e8bff46ed845a22c1ab2bd0d7eccf831c01fe23bb3920caa4c74db4306813666
  libdatadog (36.0.0.1.0) sha256=664f53cff1d1362d46d0043e8cb610dc0bbf65e51e0358344733ac12e851126c
  libdatadog (36.0.0.1.0-aarch64-linux) sha256=104cb5264f1b7b592d03d84e09da4615506b8e7567eb7edf52cdbb8ec8a17778
  libdatadog (36.0.0.1.0-arm64-darwin) sha256=8fec056fc39674da51946776c7f59fafe32db2fc2939843a09d79b199494d655
  libdatadog (36.0.0.1.0-x86_64-linux) sha256=08bdbd2dd66195f9f208984434e51871b26075b9d1ca75eac8e8eb22f9c6ccc6
  libddwaf (1.30.0.0.2-aarch64-linux) sha256=f4d8498cce66cb30d81f46bb046b11c3a2202e21ca73c9edb80c3a37939a3dc2
  libddwaf (1.30.0.0.2-arm64-darwin) sha256=cbbec7eee8fe7dbdc6c11bf1429fcfc217fad84e822fc6f252cb1c45daf663cc
  libddwaf (1.30.0.0.2-x86_64-darwin) sha256=3fb97292a9e6eb4b50d48ed0805c48278a261744ce6944e0ded73144a0395060
  libddwaf (1.30.0.0.2-x86_64-linux) sha256=d6f628bfb91a7f89a4ef702c3fce3991ec0678c50031128b70799fde8362111d
  logger (1.7.0) sha256=196edec7cc44b66cfb40f9755ce11b392f21f7967696af15d274dde7edff0203
  memory_profiler (0.9.14) sha256=de558cf6525d8d56d2c0ea465b1664517fbe45560f892dc7a898d3b8c2863b12
  method_source (1.1.0) sha256=181301c9c45b731b4769bc81e8860e72f9161ad7d66dd99103c9ab84f560f5c5
  msgpack (1.8.3) sha256=8bda4a6428d3244e50d6bd55854d354edbada88a4e1f4f5731a39a0f86bee6a1
  os (1.1.4) sha256=57816d6a334e7bd6aed048f4b0308226c5fb027433b67d90a9ab435f35108d3f
  pp (0.6.4) sha256=dfcb0fce700c41456265922884f9fe195d7fbb0674a3578e6c0f69588e82b570
  prettyprint (0.2.0) sha256=2bc9e15581a94742064a3cc8b0fb9d45aae3d03a1baa6ef80922627a0766f193
  prism (1.9.0) sha256=7b530c6a9f92c24300014919c9dcbc055bf4cdf51ec30aed099b06cd6674ef85
  pry (0.16.0) sha256=d76c69065698ed1f85e717bd33d7942c38a50868f6b0673c636192b3d1b6054e
  psych (5.4.0) sha256=14f72d69a611af663d7d70e4a7b67d9eb1f3ae9f8d916b478961d5a0075ba5b7
  public_suffix (6.0.2) sha256=bfa7cd5108066f8c9602e0d6d4114999a5df5839a63149d3e8b0f9c1d3558394
  rack (2.2.23) sha256=a8fe9d7e07064770b8ec123663fded8a59ef7e2b6db5cda7173d45a5718ab69c
  rack-contrib (2.3.0) sha256=72cfcfc083513c1000cdfe4d19ef4761ca85c298b8ce5903ef56bce26501ee2b
  rack-test (2.1.0) sha256=0c61fc61904049d691922ea4bb99e28004ed3f43aa5cfd495024cc345f125dfb
  rake (13.4.2) sha256=cb825b2bd5f1f8e91ca37bddb4b9aaf345551b4731da62949be002fa89283701
  rake-compiler (1.3.1) sha256=6b351612b6e2d73ddd5563ee799bb58685176e05363db6758504bd11573d670a
  rdoc (7.2.0) sha256=8650f76cd4009c3b54955eb5d7e3a075c60a57276766ebf36f9085e8c9f23192
  reline (0.6.3) sha256=1198b04973565b36ec0f11542ab3f5cfeeec34823f4e54cebde90968092b1835
  rexml (3.4.4) sha256=19e0a2c3425dfbf2d4fc1189747bdb2f849b6c5e74180401b15734bc97b5d142
  rspec (3.13.2) sha256=206284a08ad798e61f86d7ca3e376718d52c0bc944626b2349266f239f820587
  rspec-collection_matchers (1.2.1) sha256=ff7626d2bbf16ac237fbb46439694c78b7d9c6dc49c4b216df437968133b56a2
  rspec-core (3.13.6) sha256=a8823c6411667b60a8bca135364351dda34cd55e44ff94c4be4633b37d828b2d
  rspec-expectations (3.13.5) sha256=33a4d3a1d95060aea4c94e9f237030a8f9eae5615e9bd85718fe3a09e4b58836
  rspec-mocks (3.13.8) sha256=086ad3d3d17533f4237643de0b5c42f04b66348c28bf6b9c2d3f4a3b01af1d47
  rspec-support (3.13.7) sha256=0640e5570872aafefd79867901deeeeb40b0c9875a36b983d85f54fb7381c47c
  rspec-wait (0.0.10) sha256=092d2ec9fa6bf4afa2119647024c78bc13ef658fe660c9e1e04ad1bf52d1f4b2
  rspec_junit_formatter (0.6.0) sha256=40dde674e6ae4e6cc0ff560da25497677e34fefd2338cc467a8972f602b62b15
  simplecov (0.22.0) sha256=fe2622c7834ff23b98066bb0a854284b2729a569ac659f82621fc22ef36213a5
  simplecov-html (0.13.2) sha256=bd0b8e54e7c2d7685927e8d6286466359b6f16b18cb0df47b508e8d73c777246
  simplecov_json_formatter (0.1.4) sha256=529418fbe8de1713ac2b2d612aa3daa56d316975d307244399fa4838c601b428
  stringio (3.2.0) sha256=c37cb2e58b4ffbd33fe5cd948c05934af997b36e0b6ca6fdf43afa234cf222e1
  tsort (0.2.0) sha256=9650a793f6859a43b6641671278f79cfead60ac714148aabe4e3f0060480089f
  warning (1.6.0) sha256=a49cdfae19fb77d19afff2efbe45f8ab759e9cd25b4e4ce2c79dbaf46bdb6c9e
  webmock (3.26.2) sha256=774556f2ea6371846cca68c01769b2eac0d134492d21f6d0ab5dd643965a4c90
  webrick (1.9.2) sha256=beb4a15fc474defed24a3bda4ffd88a490d517c9e4e6118c3edce59e45864131
  zstd-ruby (2.0.6) sha256=4d57faa75a11ed5db551fb8befe5bb508046518be1898a91a5d9ddf782f146de

BUNDLED WITH
   2.6.9
