GIT
  remote: https://github.com/DataDog/simplecov
  revision: 3bb6b7ee58bf4b1954ca205f50dd44d6f41c57db
  ref: 3bb6b7ee58bf4b1954ca205f50dd44d6f41c57db
  specs:
    simplecov (0.21.2)
      docile (~> 1.1)
      simplecov-html (~> 0.11)
      simplecov_json_formatter (~> 0.1)

PATH
  remote: ..
  specs:
    ddtrace (1.14.0)
      datadog-ci (~> 0.1.0)
      debase-ruby_core_source (= 3.2.2)
      libdatadog (~> 4.0.0.1.0)
      libddwaf (~> 1.14.0.0.0)
      msgpack

GEM
  remote: https://rubygems.org/
  specs:
    actionpack (5.2.8.1)
      actionview (= 5.2.8.1)
      activesupport (= 5.2.8.1)
      rack (~> 2.0, >= 2.0.8)
      rack-test (>= 0.6.3)
      rails-dom-testing (~> 2.0)
      rails-html-sanitizer (~> 1.0, >= 1.0.2)
    actionview (5.2.8.1)
      activesupport (= 5.2.8.1)
      builder (~> 3.1)
      erubi (~> 1.4)
      rails-dom-testing (~> 2.0)
      rails-html-sanitizer (~> 1.0, >= 1.0.3)
    active_model_serializers (0.10.13)
      actionpack (>= 4.1, < 7.1)
      activemodel (>= 4.1, < 7.1)
      case_transform (>= 0.2)
      jsonapi-renderer (>= 0.1.1.beta1, < 0.3)
    activemodel (5.2.8.1)
      activesupport (= 5.2.8.1)
    activesupport (5.2.8.1)
      concurrent-ruby (~> 1.0, >= 1.0.2)
      i18n (>= 0.7, < 2)
      minitest (~> 5.1)
      tzinfo (~> 1.1)
    addressable (2.4.0)
    appraisal (2.4.1)
      bundler
      rake
      thor (>= 0.14.0)
    benchmark-ips (2.12.0)
    benchmark-memory (0.1.2)
      memory_profiler (~> 0.9)
    binding_of_caller (0.8.0)
      debug_inspector (>= 0.0.1)
    builder (3.2.4)
    case_transform (0.2)
      activesupport
    climate_control (0.2.0)
    coderay (1.1.3)
    colorize (0.8.1)
    concurrent-ruby (1.2.2)
    crack (0.4.5)
      rexml
    crass (1.0.6)
    cri (2.15.11)
    datadog-ci (0.1.1)
    debase-ruby_core_source (3.2.2)
    debug_inspector (1.1.0)
    diff-lcs (1.5.0)
    digest-crc (0.6.5)
      rake (>= 12.0.0, < 14.0.0)
    docile (1.4.0)
    dogstatsd-ruby (5.6.1)
    dry-configurable (0.12.1)
      concurrent-ruby (~> 1.0)
      dry-core (~> 0.5, >= 0.5.0)
    dry-container (0.7.2)
      concurrent-ruby (~> 1.0)
      dry-configurable (~> 0.1, >= 0.1.3)
    dry-core (0.6.0)
      concurrent-ruby (~> 1.0)
    dry-inflector (0.2.0)
    dry-logic (1.2.0)
      concurrent-ruby (~> 1.0)
      dry-core (~> 0.5, >= 0.5)
    dry-types (1.5.1)
      concurrent-ruby (~> 1.0)
      dry-container (~> 0.3)
      dry-core (~> 0.5, >= 0.5)
      dry-inflector (~> 0.1, >= 0.1.2)
      dry-logic (~> 1.0, >= 1.0.2)
    erubi (1.12.0)
    extlz4 (0.3.4)
    ffi (1.15.5)
    google-protobuf (3.19.1)
    grape (1.7.0)
      activesupport
      builder
      dry-types (>= 1.1)
      mustermann-grape (~> 1.0.0)
      rack (>= 1.3.0)
      rack-accept
    hashdiff (1.0.1)
    i18n (1.14.1)
      concurrent-ruby (~> 1.0)
    json-schema (2.8.1)
      addressable (>= 2.4)
    jsonapi-renderer (0.2.2)
    king_konf (1.0.1)
    libdatadog (4.0.0.1.0-aarch64-linux)
    libddwaf (1.14.0.0.0-aarch64-linux)
      ffi (~> 1.0)
    lograge (0.13.0)
      actionpack (>= 4)
      activesupport (>= 4)
      railties (>= 4)
      request_store (~> 1.0)
    loofah (2.21.3)
      crass (~> 1.0.2)
      nokogiri (>= 1.12.0)
    memory_profiler (0.9.14)
    method_source (1.0.0)
    mini_portile2 (2.6.1)
    minitest (5.15.0)
    msgpack (1.7.2)
    mustermann (2.0.2)
      ruby2_keywords (~> 0.0.1)
    mustermann-grape (1.0.2)
      mustermann (>= 1.0.0)
    nokogiri (1.12.5)
      mini_portile2 (~> 2.6.1)
      racc (~> 1.4)
    os (1.1.4)
    pimpmychangelog (0.1.3)
    pry (0.14.2)
      coderay (~> 1.1)
      method_source (~> 1.0)
    pry-nav (1.0.0)
      pry (>= 0.9.10, < 0.15)
    pry-stack_explorer (0.4.13)
      binding_of_caller (~> 0.7)
      pry (~> 0.13)
    racc (1.7.1)
    racecar (2.6.0)
      king_konf (~> 1.0.0)
      rdkafka (~> 0.10.0)
    rack (2.2.8)
    rack-accept (0.4.5)
      rack (>= 0.4)
    rack-test (2.1.0)
      rack (>= 1.3)
    rails-dom-testing (2.2.0)
      activesupport (>= 5.0.0)
      minitest
      nokogiri (>= 1.6)
    rails-html-sanitizer (1.5.0)
      loofah (~> 2.19, >= 2.19.1)
    railties (5.2.8.1)
      actionpack (= 5.2.8.1)
      activesupport (= 5.2.8.1)
      method_source
      rake (>= 0.8.7)
      thor (>= 0.19.0, < 2.0)
    rake (13.0.6)
    rake-compiler (1.2.5)
      rake
    rdkafka (0.10.0)
      ffi (~> 1.9)
      mini_portile2 (~> 2.1)
      rake (>= 12.3)
    redcarpet (3.6.0)
    request_store (1.5.1)
      rack (>= 1.4)
    rexml (3.2.6)
    rspec (3.12.0)
      rspec-core (~> 3.12.0)
      rspec-expectations (~> 3.12.0)
      rspec-mocks (~> 3.12.0)
    rspec-collection_matchers (1.2.0)
      rspec-expectations (>= 2.99.0.beta1)
    rspec-core (3.12.2)
      rspec-support (~> 3.12.0)
    rspec-expectations (3.12.3)
      diff-lcs (>= 1.2.0, < 2.0)
      rspec-support (~> 3.12.0)
    rspec-mocks (3.12.6)
      diff-lcs (>= 1.2.0, < 2.0)
      rspec-support (~> 3.12.0)
    rspec-support (3.12.1)
    rspec-wait (0.0.9)
      rspec (>= 3, < 4)
    rspec_junit_formatter (0.6.0)
      rspec-core (>= 2, < 4, != 2.12.0)
    rspec_n (1.3.0)
      colorize (~> 0.8.0)
      cri (~> 2.15.3)
    ruby-kafka (1.5.0)
      digest-crc
    ruby-prof (1.4.3)
    ruby2_keywords (0.0.5)
    simplecov-cobertura (2.1.0)
      rexml
      simplecov (~> 0.19)
    simplecov-html (0.12.3)
    simplecov_json_formatter (0.1.4)
    thor (1.2.2)
    thread_safe (0.3.6)
    tzinfo (1.2.11)
      thread_safe (~> 0.1)
    warning (1.3.0)
    webmock (3.13.0)
      addressable (>= 2.3.6)
      crack (>= 0.3.2)
      hashdiff (>= 0.4.0, < 2.0.0)
    yard (0.9.34)

PLATFORMS
  aarch64-linux

DEPENDENCIES
  actionpack
  actionview
  active_model_serializers (>= 0.10.0)
  activesupport (~> 5)
  appraisal (~> 2.4.0)
  benchmark-ips (~> 2.8)
  benchmark-memory (< 0.2)
  builder
  climate_control (~> 0.2.0)
  concurrent-ruby
  ddtrace!
  dogstatsd-ruby (>= 3.3.0, != 5.1.0, != 5.0.1, != 5.0.0)
  extlz4 (~> 0.3, >= 0.3.3)
  google-protobuf (~> 3.0, < 3.19.2, != 3.7.1, != 3.7.0)
  grape
  json-schema (< 3)
  lograge (~> 0.11)
  memory_profiler (~> 0.9)
  os (~> 1.1)
  pimpmychangelog (>= 0.1.2)
  pry
  pry-nav
  pry-stack_explorer
  racecar (>= 0.3.5)
  rake (>= 10.5)
  rake-compiler (~> 1.1, >= 1.1.1)
  redcarpet (~> 3.4)
  rspec (~> 3.12)
  rspec-collection_matchers (~> 1.1)
  rspec-wait (~> 0)
  rspec_junit_formatter (>= 0.5.1)
  rspec_n (~> 1.3)
  ruby-kafka (>= 0.7.10)
  ruby-prof (~> 1.4)
  simplecov!
  simplecov-cobertura (~> 2.1.0)
  warning (~> 1)
  webmock (>= 3.10.0)
  yard (~> 0.9)

BUNDLED WITH
   2.3.26
