PATH
  remote: ..
  specs:
    datadog (2.28.0)
      cgi
      datadog-ruby_core_source (~> 3.5, >= 3.5.2)
      libdatadog (~> 25.0.0.1.0)
      libddwaf (~> 1.30.0.0.0)
      logger
      msgpack

GEM
  remote: https://rubygems.org/
  specs:
    addressable (2.8.8)
      public_suffix (>= 2.0.2, < 8.0)
    base64 (0.3.0)
    benchmark (0.5.0)
    benchmark-ips (2.14.0)
    benchmark-memory (0.1.2)
      memory_profiler (~> 0.9)
    bigdecimal (4.0.1)
    byebug (13.0.0)
      reline (>= 0.6.0)
    cgi (0.5.1)
    climate_control (1.2.0)
    coderay (1.1.3)
    concurrent-ruby (1.3.6)
    crack (1.0.1)
      bigdecimal
      rexml
    datadog-ruby_core_source (3.5.2)
    diff-lcs (1.6.2)
    docile (1.4.1)
    dogstatsd-ruby (5.7.1)
    event_stream_parser (1.0.0)
    faraday (2.14.0)
      faraday-net_http (>= 2.0, < 3.5)
      json
      logger
    faraday-multipart (1.2.0)
      multipart-post (~> 2.0)
    faraday-net_http (3.4.2)
      net-http (~> 0.5)
    faraday-retry (2.4.0)
      faraday (~> 2.0)
    ffi (1.17.3)
    ffi (1.17.3-aarch64-linux-gnu)
    ffi (1.17.3-arm-linux-gnu)
    ffi (1.17.3-arm-linux-musl)
    ffi (1.17.3-x86_64-linux-gnu)
    fiddle (1.1.8)
    google-protobuf (3.25.8)
    hashdiff (1.2.1)
    io-console (0.8.2)
    json (2.18.0)
    json-schema (2.8.1)
      addressable (>= 2.4)
    libdatadog (25.0.0.1.0)
    libdatadog (25.0.0.1.0-aarch64-linux)
    libdatadog (25.0.0.1.0-x86_64-linux)
    libddwaf (1.30.0.0.0)
      ffi (~> 1.0)
    libddwaf (1.30.0.0.0-aarch64-linux)
      ffi (~> 1.0)
    libddwaf (1.30.0.0.0-x86_64-linux)
      ffi (~> 1.0)
    logger (1.7.0)
    marcel (1.1.0)
    memory_profiler (0.9.14)
    method_source (1.1.0)
    msgpack (1.8.0)
    multipart-post (2.4.1)
    mutex_m (0.3.0)
    net-http (0.9.1)
      uri (>= 0.11.1)
    os (1.1.4)
    ostruct (0.6.3)
    pry (0.16.0)
      coderay (~> 1.1)
      method_source (~> 1.0)
      reline (>= 0.6.0)
    public_suffix (7.0.2)
    rake (13.3.1)
    rake-compiler (1.3.1)
      rake
    reline (0.6.3)
      io-console (~> 0.5)
    rexml (3.4.4)
    rspec (3.13.2)
      rspec-core (~> 3.13.0)
      rspec-expectations (~> 3.13.0)
      rspec-mocks (~> 3.13.0)
    rspec-collection_matchers (1.2.1)
      rspec-expectations (>= 2.99.0.beta1)
    rspec-core (3.13.6)
      rspec-support (~> 3.13.0)
    rspec-expectations (3.13.5)
      diff-lcs (>= 1.2.0, < 2.0)
      rspec-support (~> 3.13.0)
    rspec-mocks (3.13.7)
      diff-lcs (>= 1.2.0, < 2.0)
      rspec-support (~> 3.13.0)
    rspec-support (3.13.6)
    rspec-wait (0.0.10)
      rspec (>= 3.0)
    rspec_junit_formatter (0.6.0)
      rspec-core (>= 2, < 4, != 2.12.0)
    ruby_llm (1.11.0)
      base64
      event_stream_parser (~> 1)
      faraday (>= 1.10.0)
      faraday-multipart (>= 1)
      faraday-net_http (>= 1)
      faraday-retry (>= 1)
      marcel (~> 1.0)
      ruby_llm-schema (~> 0.2.1)
      zeitwerk (~> 2)
    ruby_llm-schema (0.2.5)
    simplecov (0.22.0)
      docile (~> 1.1)
      simplecov-html (~> 0.11)
      simplecov_json_formatter (~> 0.1)
    simplecov-html (0.13.2)
    simplecov_json_formatter (0.1.4)
    uri (1.1.1)
    warning (1.5.0)
    webmock (3.26.1)
      addressable (>= 2.8.0)
      crack (>= 0.3.2)
      hashdiff (>= 0.4.0, < 2.0.0)
    webrick (1.9.2)
    zeitwerk (2.7.4)
    zstd-ruby (2.0.5)

PLATFORMS
  aarch64-linux
  arm-linux-gnu
  arm-linux-musl
  ruby
  x86_64-linux

DEPENDENCIES
  base64
  benchmark
  benchmark-ips (~> 2.8)
  benchmark-memory (< 0.2)
  bigdecimal
  byebug
  climate_control (~> 1.2.0)
  concurrent-ruby
  datadog!
  dogstatsd-ruby (>= 3.3.0, != 5.1.0, != 5.0.1, != 5.0.0)
  fiddle
  google-protobuf (~> 3.0, != 3.7.1, != 3.7.0)
  json-schema (< 3)
  memory_profiler (~> 0.9)
  mutex_m
  os (~> 1.1)
  ostruct
  pry
  rake (>= 10.5)
  rake-compiler (~> 1.1, >= 1.1.1)
  rspec (~> 3.13)
  rspec-collection_matchers (~> 1.1)
  rspec-wait (~> 0)
  rspec_junit_formatter (>= 0.5.1)
  ruby_llm
  simplecov (~> 0.22.0)
  warning (~> 1)
  webmock (>= 3.10.0)
  webrick (>= 1.8.2)
  zstd-ruby

RUBY VERSION
   ruby 4.0.1p0

BUNDLED WITH
   2.7.2
