PATH
  remote: ..
  specs:
    datadog (2.42.0.dev)
      cgi
      datadog-ruby_core_source (~> 3.5, >= 3.5.5)
      libdatadog (~> 40.0.0.2.0)
      libddwaf (~> 1.30.0.0.0)
      logger
      msgpack

GEM
  remote: https://rubygems.org/
  specs:
    activemodel (7.2.3.2)
      activesupport (= 7.2.3.2)
    activerecord (7.2.3.2)
      activemodel (= 7.2.3.2)
      activesupport (= 7.2.3.2)
      timeout (>= 0.4.0)
    activesupport (7.2.3.2)
      base64
      benchmark (>= 0.3)
      bigdecimal
      concurrent-ruby (~> 1.0, >= 1.3.1)
      connection_pool (>= 2.2.5)
      drb
      i18n (>= 1.6, < 2)
      logger (>= 1.4.2)
      minitest (>= 5.1, < 6)
      securerandom (>= 0.3)
      tzinfo (~> 2.0, >= 2.0.5)
    addressable (2.9.0)
      public_suffix (>= 2.0.2, < 8.0)
    base64 (0.3.0)
    benchmark (0.5.0)
    benchmark-ips (2.15.1)
    benchmark-memory (0.1.2)
      memory_profiler (~> 0.9)
    bigdecimal (4.1.2)
    byebug (13.0.0)
      reline (>= 0.6.0)
    cgi (0.5.2)
    climate_control (1.2.0)
    coderay (1.1.3)
    concurrent-ruby (1.3.8)
    connection_pool (3.0.2)
    crack (1.0.1)
      bigdecimal
      rexml
    datadog-ruby_core_source (3.5.5)
    debug (1.11.1)
      irb (~> 1.10)
      reline (>= 0.3.8)
    delayed_job (4.1.11)
      activesupport (>= 3.0, < 8.0)
    delayed_job_active_record (4.1.7)
      activerecord (>= 3.0, < 8.0)
      delayed_job (>= 3.0, < 5)
    diff-lcs (1.6.2)
    docile (1.4.1)
    dogstatsd-ruby (5.7.1)
    drb (2.2.3)
    erb (6.0.7)
    ffi (1.17.4-aarch64-linux-gnu)
    ffi (1.17.4-arm64-darwin)
    ffi (1.17.4-x86_64-darwin)
    ffi (1.17.4-x86_64-linux-gnu)
    google-protobuf (3.25.8-aarch64-linux)
    google-protobuf (3.25.8-arm64-darwin)
    google-protobuf (3.25.8-x86_64-darwin)
    google-protobuf (3.25.8-x86_64-linux)
    hashdiff (1.2.1)
    i18n (1.15.2)
      concurrent-ruby (~> 1.0)
    io-console (0.9.2)
    irb (1.18.0)
      pp (>= 0.6.0)
      prism (>= 1.3.0)
      rdoc (>= 4.0.0)
      reline (>= 0.4.2)
    json-schema (6.2.0)
      addressable (~> 2.8)
      bigdecimal (>= 3.1, < 5)
    libdatadog (40.0.0.2.0)
    libdatadog (40.0.0.2.0-aarch64-linux)
    libdatadog (40.0.0.2.0-arm64-darwin)
    libdatadog (40.0.0.2.0-x86_64-linux)
    libddwaf (1.30.0.0.2-aarch64-linux)
      ffi (~> 1.0)
    libddwaf (1.30.0.0.2-arm64-darwin)
      ffi (~> 1.0)
    libddwaf (1.30.0.0.2-x86_64-darwin)
      ffi (~> 1.0)
    libddwaf (1.30.0.0.2-x86_64-linux)
      ffi (~> 1.0)
    logger (1.7.0)
    makara (0.6.0.pre)
      activerecord (>= 5.2.0)
    memory_profiler (0.9.14)
    method_source (1.1.0)
    minitest (5.27.0)
    msgpack (1.8.4)
    mysql2 (0.5.5)
    os (1.1.4)
    pg (1.5.4)
    pp (0.6.4)
      prettyprint
    prettyprint (0.2.0)
    prism (1.9.0)
    pry (0.16.0)
      coderay (~> 1.1)
      method_source (~> 1.0)
      reline (>= 0.6.0)
    public_suffix (7.0.5)
    rake (13.4.2)
    rake-compiler (1.3.1)
      rake
    rbs (4.1.3)
      logger
      prism (>= 1.6.0)
      tsort
    rdoc (8.0.0)
      erb
      prism (>= 1.6.0)
      rbs (>= 4.0.0)
      tsort
    reline (0.7.0)
      io-console (~> 0.5)
    rexml (3.4.4)
    rspec (3.13.2)
      rspec-core (~> 3.13.0)
      rspec-expectations (~> 3.13.0)
      rspec-mocks (~> 3.13.0)
    rspec-collection_matchers (1.2.1)
      rspec-expectations (>= 2.99.0.beta1)
    rspec-core (3.13.6)
      rspec-support (~> 3.13.0)
    rspec-expectations (3.13.5)
      diff-lcs (>= 1.2.0, < 2.0)
      rspec-support (~> 3.13.0)
    rspec-mocks (3.13.8)
      diff-lcs (>= 1.2.0, < 2.0)
      rspec-support (~> 3.13.0)
    rspec-support (3.13.7)
    rspec-wait (0.0.10)
      rspec (>= 3.0)
    rspec_junit_formatter (0.6.0)
      rspec-core (>= 2, < 4, != 2.12.0)
    securerandom (0.4.1)
    sequel (5.83.1)
      bigdecimal
    simplecov (0.22.0)
      docile (~> 1.1)
      simplecov-html (~> 0.11)
      simplecov_json_formatter (~> 0.1)
    simplecov-html (0.13.2)
    simplecov_json_formatter (0.1.4)
    sqlite3 (2.9.6-aarch64-linux-gnu)
    sqlite3 (2.9.6-arm64-darwin)
    sqlite3 (2.9.6-x86_64-darwin)
    sqlite3 (2.9.6-x86_64-linux-gnu)
    timeout (0.6.1)
    trilogy (2.6.0)
    tsort (0.2.0)
    tzinfo (2.0.6)
      concurrent-ruby (~> 1.0)
    warning (1.6.0)
    webmock (3.26.2)
      addressable (>= 2.8.0)
      crack (>= 0.3.2)
      hashdiff (>= 0.4.0, < 2.0.0)
    webrick (1.9.2)
    zstd-ruby (2.0.8)

PLATFORMS
  aarch64-linux
  arm64-darwin
  x86_64-darwin
  x86_64-linux

DEPENDENCIES
  activerecord (~> 7)
  benchmark-ips (~> 2.8)
  benchmark-memory (< 0.2)
  byebug
  climate_control (~> 1.2.0)
  concurrent-ruby
  datadog!
  debug
  delayed_job
  delayed_job_active_record
  dogstatsd-ruby (>= 3.3.0, != 5.1.0, != 5.0.1, != 5.0.0)
  google-protobuf (~> 3.0, != 3.7.1, != 3.7.0)
  json-schema (~> 6.2)
  makara (>= 0.6.0.pre)
  memory_profiler (~> 0.9)
  mysql2 (>= 0.5.3)
  os (~> 1.1)
  pg
  pry
  rake (>= 10.5)
  rake-compiler (~> 1.1, >= 1.1.1)
  rspec (~> 3.13)
  rspec-collection_matchers (~> 1.1)
  rspec-wait (~> 0)
  rspec_junit_formatter (>= 0.5.1)
  sequel
  simplecov (~> 0.22.0)
  sqlite3 (>= 1.4.2)
  trilogy
  warning (~> 1)
  webmock (>= 3.10.0)
  webrick (>= 1.7.0)
  zstd-ruby

CHECKSUMS
  activemodel (7.2.3.2) sha256=3777c67cd8dd1560f30387523013dacb370a0a1cf532037410887819e4416927
  activerecord (7.2.3.2) sha256=e62d24ba7e5f820d24ed122eb9225491b0aaa8398778783b400067c3467285c7
  activesupport (7.2.3.2) sha256=ddc90d11dd88086d78ace03407fe3c2a3f5c8853c3c3046313db5ed823ef3312
  addressable (2.9.0) sha256=7fdf6ac3660f7f4e867a0838be3f6cf722ace541dd97767fa42bc6cfa980c7af
  base64 (0.3.0) sha256=27337aeabad6ffae05c265c450490628ef3ebd4b67be58257393227588f5a97b
  benchmark (0.5.0) sha256=465df122341aedcb81a2a24b4d3bd19b6c67c1530713fd533f3ff034e419236c
  benchmark-ips (2.15.1) sha256=07a1a9f3c6105ecaf68c174fc3fbcddd71a0e9ada6236ae03093a0dcfd812d59
  benchmark-memory (0.1.2) sha256=aa7bfe6776174d0ddefe6fb39945d88fff6d76eac165690188391d9acd441c87
  bigdecimal (4.1.2) sha256=53d217666027eab4280346fba98e7d5b66baaae1b9c3c1c0ffe89d48188a3fbd
  bundler (4.0.19) sha256=b48056e4c77fb3853cc47775b5447ede44aaa4f53c32f168014ab4fe86587d47
  byebug (13.0.0) sha256=d2263efe751941ca520fa29744b71972d39cbc41839496706f5d9b22e92ae05d
  cgi (0.5.2) sha256=61ca30298171190fd4fa0d8018e57ada456eae9b7a2b78526debf7f0a0e6f8bb
  climate_control (1.2.0) sha256=36b21896193fa8c8536fa1cd843a07cf8ddbd03aaba43665e26c53ec1bd70aa5
  coderay (1.1.3) sha256=dc530018a4684512f8f38143cd2a096c9f02a1fc2459edcfe534787a7fc77d4b
  concurrent-ruby (1.3.8) sha256=b2f1be836e968ccc78ccfce277ea79c72a88633f22306782c16ff23fb415d1e1
  connection_pool (3.0.2) sha256=33fff5ba71a12d2aa26cb72b1db8bba2a1a01823559fb01d29eb74c286e62e0a
  crack (1.0.1) sha256=ff4a10390cd31d66440b7524eb1841874db86201d5b70032028553130b6d4c7e
  datadog (2.42.0.dev)
  datadog-ruby_core_source (3.5.5) sha256=5df55ea06feda22e5d4b7db62a70f19a86660bd06d3a3ff739d2f549eaff45e6
  debug (1.11.1) sha256=2e0b0ac6119f2207a6f8ac7d4a73ca8eb4e440f64da0a3136c30343146e952b6
  delayed_job (4.1.11) sha256=9861510f1ad86bd872cdc7edfd0c59f1a3efd93e26fe0272e58c3c49c5795d68
  delayed_job_active_record (4.1.7) sha256=d39b06cba0e5ef75743c46aa0a542dfcd7d42500b69931f62f6881070d090172
  diff-lcs (1.6.2) sha256=9ae0d2cba7d4df3075fe8cd8602a8604993efc0dfa934cff568969efb1909962
  docile (1.4.1) sha256=96159be799bfa73cdb721b840e9802126e4e03dfc26863db73647204c727f21e
  dogstatsd-ruby (5.7.1) sha256=d2e211f9635d6bbe773e152e00fd4cb9f165d26e10356dbef8f917f7a9e5d58c
  drb (2.2.3) sha256=0b00d6fdb50995fe4a45dea13663493c841112e4068656854646f418fda13373
  erb (6.0.7) sha256=c5ca6dc25b0ef974a44dc8f59fe847577122483b1968a38dec305c60bf91ee92
  ffi (1.17.4-aarch64-linux-gnu) sha256=b208f06f91ffd8f5e1193da3cae3d2ccfc27fc36fba577baf698d26d91c080df
  ffi (1.17.4-arm64-darwin) sha256=19071aaf1419251b0a46852abf960e77330a3b334d13a4ab51d58b31a937001b
  ffi (1.17.4-x86_64-darwin) sha256=aa70390523cf3235096cf64962b709b4cfbd5c082a2cb2ae714eb0fe2ccda496
  ffi (1.17.4-x86_64-linux-gnu) sha256=9d3db14c2eae074b382fa9c083fe95aec6e0a1451da249eab096c34002bc752d
  google-protobuf (3.25.8-aarch64-linux) sha256=5869d1a31f39ee3361e85f3ef3db0512c19f0e0c75cd69d7303c177e17590044
  google-protobuf (3.25.8-arm64-darwin) sha256=e294affc4fb25c8bc7edd264f0ba490d42dce3afff08db1e08fb7bb44cc57488
  google-protobuf (3.25.8-x86_64-darwin) sha256=9c9e8c1c760eeb314fd6bcba1b0fb1e64c473fc9e2040c8992df61874974c108
  google-protobuf (3.25.8-x86_64-linux) sha256=07783d910635e2a60eaf929fe3e45ea4d657d023be3816bda99a21c14f7be959
  hashdiff (1.2.1) sha256=9c079dbc513dfc8833ab59c0c2d8f230fa28499cc5efb4b8dd276cf931457cd1
  i18n (1.15.2) sha256=00f9eb62412fe593b2a65a97daa75300d37abb8f7202ec748e94b6d46a9dd1b5
  io-console (0.9.2) sha256=efa74f891dd03c0939a931dfc6e74c2813d904763d456ea9762b0525e748db08
  irb (1.18.0) sha256=de9454a0703a54704b9811a5ef31a60c86949fbf4013fcf244fabc7c775248e3
  json-schema (6.2.0) sha256=e8bff46ed845a22c1ab2bd0d7eccf831c01fe23bb3920caa4c74db4306813666
  libdatadog (40.0.0.2.0) sha256=235197c78fca10162970bbdf9178f6efd5ef8a94ada6fe1aaecd9075d0732cad
  libdatadog (40.0.0.2.0-aarch64-linux) sha256=a41b25b838bf1a74b17c9c0aa33f9dedc0e6dfb9928f4a31622cf5b8dfe9f331
  libdatadog (40.0.0.2.0-arm64-darwin) sha256=3863e4ef5a038a1ab5bca645f6cea95f3617181682fd47f2bbeb94ff9c74104c
  libdatadog (40.0.0.2.0-x86_64-linux) sha256=b63186df77ca5cf471006548e6b06aca13363c13bf9ef74c73c9356490b6f81c
  libddwaf (1.30.0.0.2-aarch64-linux) sha256=f4d8498cce66cb30d81f46bb046b11c3a2202e21ca73c9edb80c3a37939a3dc2
  libddwaf (1.30.0.0.2-arm64-darwin) sha256=cbbec7eee8fe7dbdc6c11bf1429fcfc217fad84e822fc6f252cb1c45daf663cc
  libddwaf (1.30.0.0.2-x86_64-darwin) sha256=3fb97292a9e6eb4b50d48ed0805c48278a261744ce6944e0ded73144a0395060
  libddwaf (1.30.0.0.2-x86_64-linux) sha256=d6f628bfb91a7f89a4ef702c3fce3991ec0678c50031128b70799fde8362111d
  logger (1.7.0) sha256=196edec7cc44b66cfb40f9755ce11b392f21f7967696af15d274dde7edff0203
  makara (0.6.0.pre) sha256=20f643e43144f32149f4394d8ef7971178bd7129e245019c61142ba77ddd457d
  memory_profiler (0.9.14) sha256=de558cf6525d8d56d2c0ea465b1664517fbe45560f892dc7a898d3b8c2863b12
  method_source (1.1.0) sha256=181301c9c45b731b4769bc81e8860e72f9161ad7d66dd99103c9ab84f560f5c5
  minitest (5.27.0) sha256=2d3b17f8a36fe7801c1adcffdbc38233b938eb0b4966e97a6739055a45fa77d5
  msgpack (1.8.4) sha256=4411c22d350dd1c20250f7eada3cca2695438c2f769cf0782f0cd065d90a3e7b
  mysql2 (0.5.5) sha256=76d11f8590a821060b8465e82eb0b2965767acee876991c4981c365c82905bbe
  os (1.1.4) sha256=57816d6a334e7bd6aed048f4b0308226c5fb027433b67d90a9ab435f35108d3f
  pg (1.5.4) sha256=04f7b247151c639a0b955d8e5a9a41541343f4640aa3c2bdf749a872c339d25d
  pp (0.6.4) sha256=dfcb0fce700c41456265922884f9fe195d7fbb0674a3578e6c0f69588e82b570
  prettyprint (0.2.0) sha256=2bc9e15581a94742064a3cc8b0fb9d45aae3d03a1baa6ef80922627a0766f193
  prism (1.9.0) sha256=7b530c6a9f92c24300014919c9dcbc055bf4cdf51ec30aed099b06cd6674ef85
  pry (0.16.0) sha256=d76c69065698ed1f85e717bd33d7942c38a50868f6b0673c636192b3d1b6054e
  public_suffix (7.0.5) sha256=1a8bb08f1bbea19228d3bed6e5ed908d1cb4f7c2726d18bd9cadf60bc676f623
  rake (13.4.2) sha256=cb825b2bd5f1f8e91ca37bddb4b9aaf345551b4731da62949be002fa89283701
  rake-compiler (1.3.1) sha256=6b351612b6e2d73ddd5563ee799bb58685176e05363db6758504bd11573d670a
  rbs (4.1.3) sha256=0c4474a9751cdc14364bfad0b3e53678323bbdc2c31683b0445932867dbab8c4
  rdoc (8.0.0) sha256=03bf8c08a9639658855a0cfd77c0abca8325c227693f7f33f82957811348c469
  reline (0.7.0) sha256=5b012d8e55dbf9d450f12bde2cf7d15ff546ae80b3f8f3b30e570d431815583d
  rexml (3.4.4) sha256=19e0a2c3425dfbf2d4fc1189747bdb2f849b6c5e74180401b15734bc97b5d142
  rspec (3.13.2) sha256=206284a08ad798e61f86d7ca3e376718d52c0bc944626b2349266f239f820587
  rspec-collection_matchers (1.2.1) sha256=ff7626d2bbf16ac237fbb46439694c78b7d9c6dc49c4b216df437968133b56a2
  rspec-core (3.13.6) sha256=a8823c6411667b60a8bca135364351dda34cd55e44ff94c4be4633b37d828b2d
  rspec-expectations (3.13.5) sha256=33a4d3a1d95060aea4c94e9f237030a8f9eae5615e9bd85718fe3a09e4b58836
  rspec-mocks (3.13.8) sha256=086ad3d3d17533f4237643de0b5c42f04b66348c28bf6b9c2d3f4a3b01af1d47
  rspec-support (3.13.7) sha256=0640e5570872aafefd79867901deeeeb40b0c9875a36b983d85f54fb7381c47c
  rspec-wait (0.0.10) sha256=092d2ec9fa6bf4afa2119647024c78bc13ef658fe660c9e1e04ad1bf52d1f4b2
  rspec_junit_formatter (0.6.0) sha256=40dde674e6ae4e6cc0ff560da25497677e34fefd2338cc467a8972f602b62b15
  securerandom (0.4.1) sha256=cc5193d414a4341b6e225f0cb4446aceca8e50d5e1888743fac16987638ea0b1
  sequel (5.83.1) sha256=49c2307f4ce247436cf02c5021eb4b43b7f7f9bf7eb3118b8de1226f3cbd5c4f
  simplecov (0.22.0) sha256=fe2622c7834ff23b98066bb0a854284b2729a569ac659f82621fc22ef36213a5
  simplecov-html (0.13.2) sha256=bd0b8e54e7c2d7685927e8d6286466359b6f16b18cb0df47b508e8d73c777246
  simplecov_json_formatter (0.1.4) sha256=529418fbe8de1713ac2b2d612aa3daa56d316975d307244399fa4838c601b428
  sqlite3 (2.9.6-aarch64-linux-gnu) sha256=d8b1f7d23efd7abac285775a9566562fc7debfef79d594e3a20354406fb7907c
  sqlite3 (2.9.6-arm64-darwin) sha256=849b5d7f795e60fe25076d62c72dd722beb45b3850b516ad978d60ee848ec15b
  sqlite3 (2.9.6-x86_64-darwin) sha256=b5842fea77781c14da03fa7bc0feb82db03a69e135affcb6f5399cbd2797a5f3
  sqlite3 (2.9.6-x86_64-linux-gnu) sha256=613188ce02f614126ddbc38c5e217ccffd6306d0dcd9adca9764547aa890a634
  timeout (0.6.1) sha256=78f57368a7e7bbadec56971f78a3f5ecbcfb59b7fcbb0a3ed6ddc08a5094accb
  trilogy (2.6.0) sha256=3da50f525a092e996d7ce74a6d8c65d087d11bc99ccff7aa4e6a6210932f61c2
  tsort (0.2.0) sha256=9650a793f6859a43b6641671278f79cfead60ac714148aabe4e3f0060480089f
  tzinfo (2.0.6) sha256=8daf828cc77bcf7d63b0e3bdb6caa47e2272dcfaf4fbfe46f8c3a9df087a829b
  warning (1.6.0) sha256=a49cdfae19fb77d19afff2efbe45f8ab759e9cd25b4e4ce2c79dbaf46bdb6c9e
  webmock (3.26.2) sha256=774556f2ea6371846cca68c01769b2eac0d134492d21f6d0ab5dd643965a4c90
  webrick (1.9.2) sha256=beb4a15fc474defed24a3bda4ffd88a490d517c9e4e6118c3edce59e45864131
  zstd-ruby (2.0.8) sha256=0215f522a185f10c57bc742f167d49b3618aed45ceab04cc2f9080d3e504b404

BUNDLED WITH
  4.0.19
